// !$*UTF8*$!
{
	archiveVersion = 1;
	classes = {
	};
	objectVersion = 50;
	objects = {

/* Begin PBXBuildFile section */
		9304378421FB6319008D22E0 /* LaunchScreen.storyboard in Resources */ = {isa = PBXBuildFile; fileRef = 9304377A21FB6319008D22E0 /* LaunchScreen.storyboard */; };
		9304378521FB6319008D22E0 /* Main.storyboard in Resources */ = {isa = PBXBuildFile; fileRef = 9304377C21FB6319008D22E0 /* Main.storyboard */; };
		9304378621FB6319008D22E0 /* Assets.xcassets in Resources */ = {isa = PBXBuildFile; fileRef = 9304377E21FB6319008D22E0 /* Assets.xcassets */; };
		9304378921FB6319008D22E0 /* AppDelegate.swift in Sources */ = {isa = PBXBuildFile; fileRef = 9304378121FB6319008D22E0 /* AppDelegate.swift */; };
		9304378A21FB6319008D22E0 /* ViewController.swift in Sources */ = {isa = PBXBuildFile; fileRef = 9304378221FB6319008D22E0 /* ViewController.swift */; };
		9304378B21FB6319008D22E0 /* SimplePlayEngine.swift in Sources */ = {isa = PBXBuildFile; fileRef = 9304378321FB6319008D22E0 /* SimplePlayEngine.swift */; };
		930437A221FB645A008D22E0 /* AudioUnit.swift in Sources */ = {isa = PBXBuildFile; fileRef = 9304379521FB6459008D22E0 /* AudioUnit.swift */; };
		930437A321FB645A008D22E0 /* FactoryPresetsManager.swift in Sources */ = {isa = PBXBuildFile; fileRef = 9304379621FB6459008D22E0 /* FactoryPresetsManager.swift */; };
		930437A521FB645A008D22E0 /* FactoryPresets.plist in Resources */ = {isa = PBXBuildFile; fileRef = 9304379921FB6459008D22E0 /* FactoryPresets.plist */; };
		930437A621FB645A008D22E0 /* Preset.swift in Sources */ = {isa = PBXBuildFile; fileRef = 9304379A21FB645A008D22E0 /* Preset.swift */; };
		93A7BD5B22763ED300B984D0 /* ParameterDef.swift in Sources */ = {isa = PBXBuildFile; fileRef = 93A7BD5A22763ED300B984D0 /* ParameterDef.swift */; };
		93B83C412272616900655F1C /* MinimoogAU.appex in Embed App Extensions */ = {isa = PBXBuildFile; fileRef = 9304376621FB619D008D22E0 /* MinimoogAU.appex */; settings = {ATTRIBUTES = (RemoveHeadersOnCopy, ); }; };
		9E06994223B6418800F60DC9 /* AUParameter+make.swift in Sources */ = {isa = PBXBuildFile; fileRef = 9E06994123B6418800F60DC9 /* AUParameter+make.swift */; };
		9E4EFA4423D1D56A005089D2 /* Module.swift in Sources */ = {isa = PBXBuildFile; fileRef = 9E5910CC23434C1300268FE5 /* Module.swift */; };
		9E4EFA4623D1D57F005089D2 /* Sample.swift in Sources */ = {isa = PBXBuildFile; fileRef = 9E6197FD2345F6D2006B6F79 /* Sample.swift */; };
		9E4EFA4723D1D588005089D2 /* Velocity.swift in Sources */ = {isa = PBXBuildFile; fileRef = 9E6198012345F7FF006B6F79 /* Velocity.swift */; };
		9E4EFA4923D1EDCA005089D2 /* MidiEvent.swift in Sources */ = {isa = PBXBuildFile; fileRef = 9E4EFA4823D1EDCA005089D2 /* MidiEvent.swift */; };
		9E4EFA4B23D1EDF8005089D2 /* Note.swift in Sources */ = {isa = PBXBuildFile; fileRef = 9E4EFA4A23D1EDF8005089D2 /* Note.swift */; };
		9E4EFA4D23D1F077005089D2 /* SineModule.swift in Sources */ = {isa = PBXBuildFile; fileRef = 9E4EFA4C23D1F077005089D2 /* SineModule.swift */; };
		9E55A578233925680020828C /* NibLoadable.swift in Sources */ = {isa = PBXBuildFile; fileRef = 9E55A577233925680020828C /* NibLoadable.swift */; };
		9E55A57D233AB99C0020828C /* UIControls.framework in Frameworks */ = {isa = PBXBuildFile; fileRef = 9EF974D32338B9BB00A8C25C /* UIControls.framework */; };
		9E55A586233B65B10020828C /* Assets.xcassets in Resources */ = {isa = PBXBuildFile; fileRef = 9E55A585233B65B10020828C /* Assets.xcassets */; };
		9E55A5A5233B83530020828C /* ParametersDescription.plist in Resources */ = {isa = PBXBuildFile; fileRef = 9E55A5A4233B83530020828C /* ParametersDescription.plist */; };
		9E55A5AB233BA35A0020828C /* ParameterTree+loadFromPlist.swift in Sources */ = {isa = PBXBuildFile; fileRef = 9E55A5AA233BA35A0020828C /* ParameterTree+loadFromPlist.swift */; };
		9E55A5B2233BB4650020828C /* FactoryPresetData.swift in Sources */ = {isa = PBXBuildFile; fileRef = 9E55A5B1233BB4650020828C /* FactoryPresetData.swift */; };
		9E55A5B4233BB4760020828C /* FactoryPresets.swift in Sources */ = {isa = PBXBuildFile; fileRef = 9E55A5B3233BB4760020828C /* FactoryPresets.swift */; };
		9E55A5B6233CB2000020828C /* AudioToolbox.framework in Frameworks */ = {isa = PBXBuildFile; fileRef = 9E55A5B5233CB2000020828C /* AudioToolbox.framework */; };
		9E55A5B7233CB2110020828C /* AudioToolbox.framework in Frameworks */ = {isa = PBXBuildFile; fileRef = 9E55A5B5233CB2000020828C /* AudioToolbox.framework */; };
		9E55A5B9233CBF630020828C /* AudioUnitError.swift in Sources */ = {isa = PBXBuildFile; fileRef = 9E55A5B8233CBF630020828C /* AudioUnitError.swift */; };
		9EB4F0A72338BBC70090EB6F /* UIKnob.xib in Resources */ = {isa = PBXBuildFile; fileRef = 9EB4F0A62338BBC70090EB6F /* UIKnob.xib */; };
		9EDF05732342A9FB00BF5087 /* Instrument.swift in Sources */ = {isa = PBXBuildFile; fileRef = 9EDF05722342A9FB00BF5087 /* Instrument.swift */; };
		9EE9DBD623D5E042009A953D /* Channel.swift in Sources */ = {isa = PBXBuildFile; fileRef = 9EE9DBD523D5E042009A953D /* Channel.swift */; };
		9EF974C9233507BF00A8C25C /* Minimoog.storyboard in Resources */ = {isa = PBXBuildFile; fileRef = 9EF974C8233507BF00A8C25C /* Minimoog.storyboard */; };
		9EF974CD233512B500A8C25C /* MinimoogViewController.swift in Sources */ = {isa = PBXBuildFile; fileRef = 9EF974CC233512B500A8C25C /* MinimoogViewController.swift */; };
		9EF974D72338B9BB00A8C25C /* UIControls.h in Headers */ = {isa = PBXBuildFile; fileRef = 9EF974D52338B9BB00A8C25C /* UIControls.h */; settings = {ATTRIBUTES = (Public, ); }; };
		9EF974DA2338B9BB00A8C25C /* UIControls.framework in Frameworks */ = {isa = PBXBuildFile; fileRef = 9EF974D32338B9BB00A8C25C /* UIControls.framework */; };
		9EF974DB2338B9BB00A8C25C /* UIControls.framework in Embed Frameworks */ = {isa = PBXBuildFile; fileRef = 9EF974D32338B9BB00A8C25C /* UIControls.framework */; settings = {ATTRIBUTES = (CodeSignOnCopy, RemoveHeadersOnCopy, ); }; };
		9EF974E02338B9CE00A8C25C /* UIKnob.swift in Sources */ = {isa = PBXBuildFile; fileRef = 9310B426227045780039667E /* UIKnob.swift */; };
/* End PBXBuildFile section */

/* Begin PBXContainerItemProxy section */
		93B83C422272616900655F1C /* PBXContainerItemProxy */ = {
			isa = PBXContainerItemProxy;
			containerPortal = 9304374521FB6117008D22E0 /* Project object */;
			proxyType = 1;
			remoteGlobalIDString = 9304376521FB619D008D22E0;
			remoteInfo = MinimoogAU;
		};
		9E55A57E233AB9A30020828C /* PBXContainerItemProxy */ = {
			isa = PBXContainerItemProxy;
			containerPortal = 9304374521FB6117008D22E0 /* Project object */;
			proxyType = 1;
			remoteGlobalIDString = 9EF974D22338B9BB00A8C25C;
			remoteInfo = UIControls;
		};
		9EF974D82338B9BB00A8C25C /* PBXContainerItemProxy */ = {
			isa = PBXContainerItemProxy;
			containerPortal = 9304374521FB6117008D22E0 /* Project object */;
			proxyType = 1;
			remoteGlobalIDString = 9EF974D22338B9BB00A8C25C;
			remoteInfo = UIControls;
		};
/* End PBXContainerItemProxy section */

/* Begin PBXCopyFilesBuildPhase section */
		93B83C442272616900655F1C /* Embed App Extensions */ = {
			isa = PBXCopyFilesBuildPhase;
			buildActionMask = 2147483647;
			dstPath = "";
			dstSubfolderSpec = 13;
			files = (
				93B83C412272616900655F1C /* MinimoogAU.appex in Embed App Extensions */,
			);
			name = "Embed App Extensions";
			runOnlyForDeploymentPostprocessing = 0;
		};
		9EF974DF2338B9BB00A8C25C /* Embed Frameworks */ = {
			isa = PBXCopyFilesBuildPhase;
			buildActionMask = 2147483647;
			dstPath = "";
			dstSubfolderSpec = 10;
			files = (
				9EF974DB2338B9BB00A8C25C /* UIControls.framework in Embed Frameworks */,
			);
			name = "Embed Frameworks";
			runOnlyForDeploymentPostprocessing = 0;
		};
/* End PBXCopyFilesBuildPhase section */

/* Begin PBXFileReference section */
		9304374D21FB6117008D22E0 /* Minimoog.app */ = {isa = PBXFileReference; explicitFileType = wrapper.application; includeInIndex = 0; path = Minimoog.app; sourceTree = BUILT_PRODUCTS_DIR; };
		9304376621FB619D008D22E0 /* MinimoogAU.appex */ = {isa = PBXFileReference; explicitFileType = "wrapper.app-extension"; includeInIndex = 0; path = MinimoogAU.appex; sourceTree = BUILT_PRODUCTS_DIR; };
		9304377021FB619D008D22E0 /* Info.plist */ = {isa = PBXFileReference; lastKnownFileType = text.plist.xml; path = Info.plist; sourceTree = "<group>"; };
		9304377B21FB6319008D22E0 /* Base */ = {isa = PBXFileReference; lastKnownFileType = file.storyboard; name = Base; path = LaunchScreen.storyboard; sourceTree = "<group>"; };
		9304377D21FB6319008D22E0 /* Base */ = {isa = PBXFileReference; lastKnownFileType = file.storyboard; name = Base; path = Main.storyboard; sourceTree = "<group>"; };
		9304377E21FB6319008D22E0 /* Assets.xcassets */ = {isa = PBXFileReference; lastKnownFileType = folder.assetcatalog; path = Assets.xcassets; sourceTree = "<group>"; };
		9304378021FB6319008D22E0 /* Info.plist */ = {isa = PBXFileReference; fileEncoding = 4; lastKnownFileType = text.plist.xml; path = Info.plist; sourceTree = "<group>"; };
		9304378121FB6319008D22E0 /* AppDelegate.swift */ = {isa = PBXFileReference; fileEncoding = 4; lastKnownFileType = sourcecode.swift; path = AppDelegate.swift; sourceTree = "<group>"; };
		9304378221FB6319008D22E0 /* ViewController.swift */ = {isa = PBXFileReference; fileEncoding = 4; lastKnownFileType = sourcecode.swift; path = ViewController.swift; sourceTree = "<group>"; };
		9304378321FB6319008D22E0 /* SimplePlayEngine.swift */ = {isa = PBXFileReference; fileEncoding = 4; lastKnownFileType = sourcecode.swift; path = SimplePlayEngine.swift; sourceTree = "<group>"; };
		9304378E21FB6459008D22E0 /* Minimoog.hpp */ = {isa = PBXFileReference; fileEncoding = 4; lastKnownFileType = sourcecode.cpp.h; path = Minimoog.hpp; sourceTree = "<group>"; };
		9304378F21FB6459008D22E0 /* MinimoogBase.hpp */ = {isa = PBXFileReference; fileEncoding = 4; lastKnownFileType = sourcecode.cpp.h; path = MinimoogBase.hpp; sourceTree = "<group>"; };
		9304379221FB6459008D22E0 /* Minimoog.mm */ = {isa = PBXFileReference; fileEncoding = 4; lastKnownFileType = sourcecode.cpp.objcpp; path = Minimoog.mm; sourceTree = "<group>"; };
		9304379321FB6459008D22E0 /* MinimoogBase.mm */ = {isa = PBXFileReference; fileEncoding = 4; lastKnownFileType = sourcecode.cpp.objcpp; path = MinimoogBase.mm; sourceTree = "<group>"; };
		9304379521FB6459008D22E0 /* AudioUnit.swift */ = {isa = PBXFileReference; fileEncoding = 4; lastKnownFileType = sourcecode.swift; path = AudioUnit.swift; sourceTree = "<group>"; };
		9304379621FB6459008D22E0 /* FactoryPresetsManager.swift */ = {isa = PBXFileReference; fileEncoding = 4; lastKnownFileType = sourcecode.swift; path = FactoryPresetsManager.swift; sourceTree = "<group>"; };
		9304379921FB6459008D22E0 /* FactoryPresets.plist */ = {isa = PBXFileReference; fileEncoding = 4; lastKnownFileType = text.plist.xml; path = FactoryPresets.plist; sourceTree = "<group>"; };
		9304379A21FB645A008D22E0 /* Preset.swift */ = {isa = PBXFileReference; fileEncoding = 4; lastKnownFileType = sourcecode.swift; path = Preset.swift; sourceTree = "<group>"; };
		9310B426227045780039667E /* UIKnob.swift */ = {isa = PBXFileReference; fileEncoding = 4; lastKnownFileType = sourcecode.swift; path = UIKnob.swift; sourceTree = "<group>"; };
		9362BA3721FB6F3B00FEBE3A /* AVFoundation.framework */ = {isa = PBXFileReference; lastKnownFileType = wrapper.framework; name = AVFoundation.framework; path = System/Library/Frameworks/AVFoundation.framework; sourceTree = SDKROOT; };
		9362BA3A21FB6F7700FEBE3A /* AudioUnit.framework */ = {isa = PBXFileReference; lastKnownFileType = wrapper.framework; name = AudioUnit.framework; path = System/Library/Frameworks/AudioUnit.framework; sourceTree = SDKROOT; };
		9380715C2277511100CCC52E /* GeneratorBase.cpp */ = {isa = PBXFileReference; lastKnownFileType = sourcecode.cpp.cpp; path = GeneratorBase.cpp; sourceTree = "<group>"; };
		93A7BD5A22763ED300B984D0 /* ParameterDef.swift */ = {isa = PBXFileReference; lastKnownFileType = sourcecode.swift; path = ParameterDef.swift; sourceTree = "<group>"; };
		93AEA5E2227AF1FE003B9B76 /* GeneratorSquare.cpp */ = {isa = PBXFileReference; lastKnownFileType = sourcecode.cpp.cpp; path = GeneratorSquare.cpp; sourceTree = "<group>"; };
		93AEA5E3227AF1FE003B9B76 /* GeneratorSquare.hpp */ = {isa = PBXFileReference; lastKnownFileType = sourcecode.cpp.h; path = GeneratorSquare.hpp; sourceTree = "<group>"; };
		93AEA5E5227AF211003B9B76 /* GeneratorSaw.cpp */ = {isa = PBXFileReference; lastKnownFileType = sourcecode.cpp.cpp; path = GeneratorSaw.cpp; sourceTree = "<group>"; };
		93AEA5E6227AF211003B9B76 /* GeneratorSaw.hpp */ = {isa = PBXFileReference; lastKnownFileType = sourcecode.cpp.h; path = GeneratorSaw.hpp; sourceTree = "<group>"; };
		93B084352273250300AF7495 /* Minimoog.entitlements */ = {isa = PBXFileReference; lastKnownFileType = text.plist.entitlements; path = Minimoog.entitlements; sourceTree = "<group>"; };
		93B084362273254000AF7495 /* MinimoogAU.entitlements */ = {isa = PBXFileReference; lastKnownFileType = text.plist.entitlements; path = MinimoogAU.entitlements; sourceTree = "<group>"; };
		93D22E1E22774D8E005E4E41 /* GeneratorBase.hpp */ = {isa = PBXFileReference; lastKnownFileType = sourcecode.cpp.h; path = GeneratorBase.hpp; sourceTree = "<group>"; };
		93D22E2022774F3C005E4E41 /* GeneratorSine.cpp */ = {isa = PBXFileReference; lastKnownFileType = sourcecode.cpp.cpp; path = GeneratorSine.cpp; sourceTree = "<group>"; };
		93D22E2122774F3C005E4E41 /* GeneratorSine.hpp */ = {isa = PBXFileReference; lastKnownFileType = sourcecode.cpp.h; path = GeneratorSine.hpp; sourceTree = "<group>"; };
		93F7597A21FB70B00009A295 /* CoreAudio.framework */ = {isa = PBXFileReference; lastKnownFileType = wrapper.framework; name = CoreAudio.framework; path = System/Library/Frameworks/CoreAudio.framework; sourceTree = SDKROOT; };
		9E06994123B6418800F60DC9 /* AUParameter+make.swift */ = {isa = PBXFileReference; lastKnownFileType = sourcecode.swift; path = "AUParameter+make.swift"; sourceTree = "<group>"; };
		9E4EFA4823D1EDCA005089D2 /* MidiEvent.swift */ = {isa = PBXFileReference; lastKnownFileType = sourcecode.swift; path = MidiEvent.swift; sourceTree = "<group>"; };
		9E4EFA4A23D1EDF8005089D2 /* Note.swift */ = {isa = PBXFileReference; lastKnownFileType = sourcecode.swift; path = Note.swift; sourceTree = "<group>"; };
		9E4EFA4C23D1F077005089D2 /* SineModule.swift */ = {isa = PBXFileReference; lastKnownFileType = sourcecode.swift; path = SineModule.swift; sourceTree = "<group>"; };
		9E55A577233925680020828C /* NibLoadable.swift */ = {isa = PBXFileReference; lastKnownFileType = sourcecode.swift; path = NibLoadable.swift; sourceTree = "<group>"; };
		9E55A585233B65B10020828C /* Assets.xcassets */ = {isa = PBXFileReference; lastKnownFileType = folder.assetcatalog; path = Assets.xcassets; sourceTree = "<group>"; };
		9E55A5A4233B83530020828C /* ParametersDescription.plist */ = {isa = PBXFileReference; lastKnownFileType = text.plist.xml; path = ParametersDescription.plist; sourceTree = "<group>"; };
		9E55A5AA233BA35A0020828C /* ParameterTree+loadFromPlist.swift */ = {isa = PBXFileReference; lastKnownFileType = sourcecode.swift; path = "ParameterTree+loadFromPlist.swift"; sourceTree = "<group>"; };
		9E55A5B1233BB4650020828C /* FactoryPresetData.swift */ = {isa = PBXFileReference; lastKnownFileType = sourcecode.swift; path = FactoryPresetData.swift; sourceTree = "<group>"; };
		9E55A5B3233BB4760020828C /* FactoryPresets.swift */ = {isa = PBXFileReference; lastKnownFileType = sourcecode.swift; path = FactoryPresets.swift; sourceTree = "<group>"; };
		9E55A5B5233CB2000020828C /* AudioToolbox.framework */ = {isa = PBXFileReference; lastKnownFileType = wrapper.framework; name = AudioToolbox.framework; path = System/Library/Frameworks/AudioToolbox.framework; sourceTree = SDKROOT; };
		9E55A5B8233CBF630020828C /* AudioUnitError.swift */ = {isa = PBXFileReference; lastKnownFileType = sourcecode.swift; path = AudioUnitError.swift; sourceTree = "<group>"; };
		9E5910CC23434C1300268FE5 /* Module.swift */ = {isa = PBXFileReference; lastKnownFileType = sourcecode.swift; path = Module.swift; sourceTree = "<group>"; };
		9E6197F92345F674006B6F79 /* Generator.swift */ = {isa = PBXFileReference; lastKnownFileType = sourcecode.swift; path = Generator.swift; sourceTree = "<group>"; };
		9E6197FB2345F683006B6F79 /* Effect.swift */ = {isa = PBXFileReference; lastKnownFileType = sourcecode.swift; path = Effect.swift; sourceTree = "<group>"; };
		9E6197FD2345F6D2006B6F79 /* Sample.swift */ = {isa = PBXFileReference; lastKnownFileType = sourcecode.swift; path = Sample.swift; sourceTree = "<group>"; };
		9E6198012345F7FF006B6F79 /* Velocity.swift */ = {isa = PBXFileReference; lastKnownFileType = sourcecode.swift; path = Velocity.swift; sourceTree = "<group>"; };
		9E6198032345FE6D006B6F79 /* ControlGenerator.swift */ = {isa = PBXFileReference; lastKnownFileType = sourcecode.swift; path = ControlGenerator.swift; sourceTree = "<group>"; };
		9E6198052345FE8F006B6F79 /* ControlVoltage.swift */ = {isa = PBXFileReference; lastKnownFileType = sourcecode.swift; path = ControlVoltage.swift; sourceTree = "<group>"; };
		9EB4F0A62338BBC70090EB6F /* UIKnob.xib */ = {isa = PBXFileReference; lastKnownFileType = file.xib; path = UIKnob.xib; sourceTree = "<group>"; };
		9EDF05722342A9FB00BF5087 /* Instrument.swift */ = {isa = PBXFileReference; lastKnownFileType = sourcecode.swift; path = Instrument.swift; sourceTree = "<group>"; };
		9EE9DBD523D5E042009A953D /* Channel.swift */ = {isa = PBXFileReference; lastKnownFileType = sourcecode.swift; path = Channel.swift; sourceTree = "<group>"; };
		9EF974C8233507BF00A8C25C /* Minimoog.storyboard */ = {isa = PBXFileReference; lastKnownFileType = file.storyboard; path = Minimoog.storyboard; sourceTree = "<group>"; };
		9EF974CC233512B500A8C25C /* MinimoogViewController.swift */ = {isa = PBXFileReference; lastKnownFileType = sourcecode.swift; path = MinimoogViewController.swift; sourceTree = "<group>"; };
		9EF974D32338B9BB00A8C25C /* UIControls.framework */ = {isa = PBXFileReference; explicitFileType = wrapper.framework; includeInIndex = 0; path = UIControls.framework; sourceTree = BUILT_PRODUCTS_DIR; };
		9EF974D52338B9BB00A8C25C /* UIControls.h */ = {isa = PBXFileReference; lastKnownFileType = sourcecode.c.h; path = UIControls.h; sourceTree = "<group>"; };
		9EF974D62338B9BB00A8C25C /* Info.plist */ = {isa = PBXFileReference; lastKnownFileType = text.plist.xml; path = Info.plist; sourceTree = "<group>"; };
/* End PBXFileReference section */

/* Begin PBXFrameworksBuildPhase section */
		9304374A21FB6117008D22E0 /* Frameworks */ = {
			isa = PBXFrameworksBuildPhase;
			buildActionMask = 2147483647;
			files = (
				9EF974DA2338B9BB00A8C25C /* UIControls.framework in Frameworks */,
				9E55A5B6233CB2000020828C /* AudioToolbox.framework in Frameworks */,
			);
			runOnlyForDeploymentPostprocessing = 0;
		};
		9304376321FB619D008D22E0 /* Frameworks */ = {
			isa = PBXFrameworksBuildPhase;
			buildActionMask = 2147483647;
			files = (
				9E55A57D233AB99C0020828C /* UIControls.framework in Frameworks */,
				9E55A5B7233CB2110020828C /* AudioToolbox.framework in Frameworks */,
			);
			runOnlyForDeploymentPostprocessing = 0;
		};
		9EF974D02338B9BB00A8C25C /* Frameworks */ = {
			isa = PBXFrameworksBuildPhase;
			buildActionMask = 2147483647;
			files = (
			);
			runOnlyForDeploymentPostprocessing = 0;
		};
/* End PBXFrameworksBuildPhase section */

/* Begin PBXGroup section */
		9304374421FB6117008D22E0 = {
			isa = PBXGroup;
			children = (
				9304374F21FB6117008D22E0 /* Minimoog */,
				9304376721FB619D008D22E0 /* MinimoogAU */,
				9EF974D42338B9BB00A8C25C /* UIControls */,
				9304374E21FB6117008D22E0 /* Products */,
				E7F418A78BB1084BAE2D5E5F /* Frameworks */,
			);
			sourceTree = "<group>";
		};
		9304374E21FB6117008D22E0 /* Products */ = {
			isa = PBXGroup;
			children = (
				9304374D21FB6117008D22E0 /* Minimoog.app */,
				9304376621FB619D008D22E0 /* MinimoogAU.appex */,
				9EF974D32338B9BB00A8C25C /* UIControls.framework */,
			);
			name = Products;
			sourceTree = "<group>";
		};
		9304374F21FB6117008D22E0 /* Minimoog */ = {
			isa = PBXGroup;
			children = (
				93B084352273250300AF7495 /* Minimoog.entitlements */,
				9304378121FB6319008D22E0 /* AppDelegate.swift */,
				9304377E21FB6319008D22E0 /* Assets.xcassets */,
				9304377921FB6319008D22E0 /* Base.lproj */,
				9304378021FB6319008D22E0 /* Info.plist */,
				9304378321FB6319008D22E0 /* SimplePlayEngine.swift */,
				9304378221FB6319008D22E0 /* ViewController.swift */,
			);
			path = Minimoog;
			sourceTree = "<group>";
		};
		9304376721FB619D008D22E0 /* MinimoogAU */ = {
			isa = PBXGroup;
			children = (
				93B084362273254000AF7495 /* MinimoogAU.entitlements */,
				9304379721FB6459008D22E0 /* Assets */,
				936D546E2205BAE300C9D0F3 /* AudioUnit */,
				9EF974CA2335127A00A8C25C /* GUI */,
				9304377021FB619D008D22E0 /* Info.plist */,
			);
			path = MinimoogAU;
			sourceTree = "<group>";
		};
		9304377921FB6319008D22E0 /* Base.lproj */ = {
			isa = PBXGroup;
			children = (
				9304377A21FB6319008D22E0 /* LaunchScreen.storyboard */,
				9304377C21FB6319008D22E0 /* Main.storyboard */,
			);
			path = Base.lproj;
			sourceTree = "<group>";
		};
		9304378D21FB6459008D22E0 /* Core */ = {
			isa = PBXGroup;
			children = (
				9304378F21FB6459008D22E0 /* MinimoogBase.hpp */,
				9304379321FB6459008D22E0 /* MinimoogBase.mm */,
				9304378E21FB6459008D22E0 /* Minimoog.hpp */,
				9304379221FB6459008D22E0 /* Minimoog.mm */,
				93D22E1E22774D8E005E4E41 /* GeneratorBase.hpp */,
				9380715C2277511100CCC52E /* GeneratorBase.cpp */,
			);
			path = Core;
			sourceTree = "<group>";
		};
		9304379721FB6459008D22E0 /* Assets */ = {
			isa = PBXGroup;
			children = (
				9304379921FB6459008D22E0 /* FactoryPresets.plist */,
				9E55A5A4233B83530020828C /* ParametersDescription.plist */,
			);
			path = Assets;
			sourceTree = "<group>";
		};
		936D546E2205BAE300C9D0F3 /* AudioUnit */ = {
			isa = PBXGroup;
			children = (
				9E5910C923434AD200268FE5 /* AudioUnit */,
				9E5910CA23434ADC00268FE5 /* Instrument */,
				9E55A5AF233BA3A00020828C /* Presets */,
				9E55A5AE233BA38C0020828C /* Parameters */,
				9E4EFA4C23D1F077005089D2 /* SineModule.swift */,
			);
			path = AudioUnit;
			sourceTree = "<group>";
		};
		9E55A580233B650E0020828C /* UIKnob */ = {
			isa = PBXGroup;
			children = (
				9310B426227045780039667E /* UIKnob.swift */,
				9EB4F0A62338BBC70090EB6F /* UIKnob.xib */,
			);
			path = UIKnob;
			sourceTree = "<group>";
		};
		9E55A581233B65210020828C /* Utils */ = {
			isa = PBXGroup;
			children = (
				9E55A577233925680020828C /* NibLoadable.swift */,
			);
			path = Utils;
			sourceTree = "<group>";
		};
		9E55A584233B65800020828C /* Resources */ = {
			isa = PBXGroup;
			children = (
				9E55A585233B65B10020828C /* Assets.xcassets */,
			);
			path = Resources;
			sourceTree = "<group>";
		};
		9E55A5AE233BA38C0020828C /* Parameters */ = {
			isa = PBXGroup;
			children = (
				93A7BD5A22763ED300B984D0 /* ParameterDef.swift */,
				9E55A5AA233BA35A0020828C /* ParameterTree+loadFromPlist.swift */,
				9E06994123B6418800F60DC9 /* AUParameter+make.swift */,
			);
			path = Parameters;
			sourceTree = "<group>";
		};
		9E55A5AF233BA3A00020828C /* Presets */ = {
			isa = PBXGroup;
			children = (
				9304379621FB6459008D22E0 /* FactoryPresetsManager.swift */,
				9304379A21FB645A008D22E0 /* Preset.swift */,
				9E55A5B3233BB4760020828C /* FactoryPresets.swift */,
				9E55A5B1233BB4650020828C /* FactoryPresetData.swift */,
			);
			path = Presets;
			sourceTree = "<group>";
		};
		9E5910C923434AD200268FE5 /* AudioUnit */ = {
			isa = PBXGroup;
			children = (
				9304379521FB6459008D22E0 /* AudioUnit.swift */,
				9E55A5B8233CBF630020828C /* AudioUnitError.swift */,
			);
			path = AudioUnit;
			sourceTree = "<group>";
		};
		9E5910CA23434ADC00268FE5 /* Instrument */ = {
			isa = PBXGroup;
			children = (
				9EDF05722342A9FB00BF5087 /* Instrument.swift */,
				9E5910CC23434C1300268FE5 /* Module.swift */,
				9E4EFA4823D1EDCA005089D2 /* MidiEvent.swift */,
				9EE9DBD523D5E042009A953D /* Channel.swift */,
				9E4EFA4A23D1EDF8005089D2 /* Note.swift */,
				9E6198012345F7FF006B6F79 /* Velocity.swift */,
				9E5910CB23434BF800268FE5 /* Modules */,
				9304378D21FB6459008D22E0 /* Core */,
			);
			path = Instrument;
			sourceTree = "<group>";
		};
		9E5910CB23434BF800268FE5 /* Modules */ = {
			isa = PBXGroup;
			children = (
				9E6197FD2345F6D2006B6F79 /* Sample.swift */,
				9E6198052345FE8F006B6F79 /* ControlVoltage.swift */,
				9E6197F92345F674006B6F79 /* Generator.swift */,
				9E6198032345FE6D006B6F79 /* ControlGenerator.swift */,
				9E6197FB2345F683006B6F79 /* Effect.swift */,
				93D22E2122774F3C005E4E41 /* GeneratorSine.hpp */,
				93D22E2022774F3C005E4E41 /* GeneratorSine.cpp */,
				93AEA5E3227AF1FE003B9B76 /* GeneratorSquare.hpp */,
				93AEA5E2227AF1FE003B9B76 /* GeneratorSquare.cpp */,
				93AEA5E6227AF211003B9B76 /* GeneratorSaw.hpp */,
				93AEA5E5227AF211003B9B76 /* GeneratorSaw.cpp */,
			);
			path = Modules;
			sourceTree = "<group>";
		};
		9EF974CA2335127A00A8C25C /* GUI */ = {
			isa = PBXGroup;
			children = (
				9EF974C8233507BF00A8C25C /* Minimoog.storyboard */,
				9EF974CC233512B500A8C25C /* MinimoogViewController.swift */,
			);
			path = GUI;
			sourceTree = "<group>";
		};
		9EF974D42338B9BB00A8C25C /* UIControls */ = {
			isa = PBXGroup;
			children = (
				9EF974D52338B9BB00A8C25C /* UIControls.h */,
				9E55A580233B650E0020828C /* UIKnob */,
				9E55A581233B65210020828C /* Utils */,
				9E55A584233B65800020828C /* Resources */,
				9EF974D62338B9BB00A8C25C /* Info.plist */,
			);
			path = UIControls;
			sourceTree = "<group>";
		};
		E7F418A78BB1084BAE2D5E5F /* Frameworks */ = {
			isa = PBXGroup;
			children = (
				9E55A5B5233CB2000020828C /* AudioToolbox.framework */,
				93F7597A21FB70B00009A295 /* CoreAudio.framework */,
				9362BA3A21FB6F7700FEBE3A /* AudioUnit.framework */,
				9362BA3721FB6F3B00FEBE3A /* AVFoundation.framework */,
			);
			name = Frameworks;
			sourceTree = "<group>";
		};
/* End PBXGroup section */

/* Begin PBXHeadersBuildPhase section */
		9EF974CE2338B9BB00A8C25C /* Headers */ = {
			isa = PBXHeadersBuildPhase;
			buildActionMask = 2147483647;
			files = (
				9EF974D72338B9BB00A8C25C /* UIControls.h in Headers */,
			);
			runOnlyForDeploymentPostprocessing = 0;
		};
/* End PBXHeadersBuildPhase section */

/* Begin PBXNativeTarget section */
		9304374C21FB6117008D22E0 /* Minimoog */ = {
			isa = PBXNativeTarget;
			buildConfigurationList = 9304375F21FB6118008D22E0 /* Build configuration list for PBXNativeTarget "Minimoog" */;
			buildPhases = (
				9304374921FB6117008D22E0 /* Sources */,
				9304374A21FB6117008D22E0 /* Frameworks */,
				9304374B21FB6117008D22E0 /* Resources */,
				93B83C442272616900655F1C /* Embed App Extensions */,
				9EF974DF2338B9BB00A8C25C /* Embed Frameworks */,
			);
			buildRules = (
			);
			dependencies = (
				93B83C432272616900655F1C /* PBXTargetDependency */,
				9EF974D92338B9BB00A8C25C /* PBXTargetDependency */,
			);
			name = Minimoog;
			productName = Minimoog;
			productReference = 9304374D21FB6117008D22E0 /* Minimoog.app */;
			productType = "com.apple.product-type.application";
		};
		9304376521FB619D008D22E0 /* MinimoogAU */ = {
			isa = PBXNativeTarget;
			buildConfigurationList = 9304377521FB619D008D22E0 /* Build configuration list for PBXNativeTarget "MinimoogAU" */;
			buildPhases = (
				9304376221FB619D008D22E0 /* Sources */,
				9304376321FB619D008D22E0 /* Frameworks */,
				9304376421FB619D008D22E0 /* Resources */,
			);
			buildRules = (
			);
			dependencies = (
				9E55A57F233AB9A30020828C /* PBXTargetDependency */,
			);
			name = MinimoogAU;
			productName = MinimoogAU;
			productReference = 9304376621FB619D008D22E0 /* MinimoogAU.appex */;
			productType = "com.apple.product-type.app-extension";
		};
		9EF974D22338B9BB00A8C25C /* UIControls */ = {
			isa = PBXNativeTarget;
			buildConfigurationList = 9EF974DC2338B9BB00A8C25C /* Build configuration list for PBXNativeTarget "UIControls" */;
			buildPhases = (
				9EF974CE2338B9BB00A8C25C /* Headers */,
				9EF974CF2338B9BB00A8C25C /* Sources */,
				9EF974D02338B9BB00A8C25C /* Frameworks */,
				9EF974D12338B9BB00A8C25C /* Resources */,
			);
			buildRules = (
			);
			dependencies = (
			);
			name = UIControls;
			productName = UIControls;
			productReference = 9EF974D32338B9BB00A8C25C /* UIControls.framework */;
			productType = "com.apple.product-type.framework";
		};
/* End PBXNativeTarget section */

/* Begin PBXProject section */
		9304374521FB6117008D22E0 /* Project object */ = {
			isa = PBXProject;
			attributes = {
				LastSwiftUpdateCheck = 1010;
				LastUpgradeCheck = 1010;
				ORGANIZATIONNAME = "Yauheni Lychkouski";
				TargetAttributes = {
					9304374C21FB6117008D22E0 = {
						CreatedOnToolsVersion = 10.1;
						LastSwiftMigration = 1010;
						SystemCapabilities = {
							com.apple.ApplicationGroups.iOS = {
								enabled = 1;
							};
							com.apple.InterAppAudio = {
								enabled = 1;
							};
						};
					};
					9304376521FB619D008D22E0 = {
						CreatedOnToolsVersion = 10.1;
						SystemCapabilities = {
							com.apple.ApplicationGroups.iOS = {
								enabled = 1;
							};
							com.apple.InterAppAudio = {
								enabled = 1;
							};
						};
					};
					9EF974D22338B9BB00A8C25C = {
						CreatedOnToolsVersion = 10.1;
					};
				};
			};
			buildConfigurationList = 9304374821FB6117008D22E0 /* Build configuration list for PBXProject "Minimoog" */;
			compatibilityVersion = "Xcode 9.3";
			developmentRegion = en;
			hasScannedForEncodings = 0;
			knownRegions = (
				en,
				Base,
			);
			mainGroup = 9304374421FB6117008D22E0;
			productRefGroup = 9304374E21FB6117008D22E0 /* Products */;
			projectDirPath = "";
			projectRoot = "";
			targets = (
				9304374C21FB6117008D22E0 /* Minimoog */,
				9304376521FB619D008D22E0 /* MinimoogAU */,
				9EF974D22338B9BB00A8C25C /* UIControls */,
			);
		};
/* End PBXProject section */

/* Begin PBXResourcesBuildPhase section */
		9304374B21FB6117008D22E0 /* Resources */ = {
			isa = PBXResourcesBuildPhase;
			buildActionMask = 2147483647;
			files = (
				9304378621FB6319008D22E0 /* Assets.xcassets in Resources */,
				9304378421FB6319008D22E0 /* LaunchScreen.storyboard in Resources */,
				9304378521FB6319008D22E0 /* Main.storyboard in Resources */,
			);
			runOnlyForDeploymentPostprocessing = 0;
		};
		9304376421FB619D008D22E0 /* Resources */ = {
			isa = PBXResourcesBuildPhase;
			buildActionMask = 2147483647;
			files = (
				9EF974C9233507BF00A8C25C /* Minimoog.storyboard in Resources */,
				930437A521FB645A008D22E0 /* FactoryPresets.plist in Resources */,
				9E55A5A5233B83530020828C /* ParametersDescription.plist in Resources */,
			);
			runOnlyForDeploymentPostprocessing = 0;
		};
		9EF974D12338B9BB00A8C25C /* Resources */ = {
			isa = PBXResourcesBuildPhase;
			buildActionMask = 2147483647;
			files = (
				9E55A586233B65B10020828C /* Assets.xcassets in Resources */,
				9EB4F0A72338BBC70090EB6F /* UIKnob.xib in Resources */,
			);
			runOnlyForDeploymentPostprocessing = 0;
		};
/* End PBXResourcesBuildPhase section */

/* Begin PBXSourcesBuildPhase section */
		9304374921FB6117008D22E0 /* Sources */ = {
			isa = PBXSourcesBuildPhase;
			buildActionMask = 2147483647;
			files = (
				9304378A21FB6319008D22E0 /* ViewController.swift in Sources */,
				9304378921FB6319008D22E0 /* AppDelegate.swift in Sources */,
				9304378B21FB6319008D22E0 /* SimplePlayEngine.swift in Sources */,
			);
			runOnlyForDeploymentPostprocessing = 0;
		};
		9304376221FB619D008D22E0 /* Sources */ = {
			isa = PBXSourcesBuildPhase;
			buildActionMask = 2147483647;
			files = (
				930437A621FB645A008D22E0 /* Preset.swift in Sources */,
				9EF974CD233512B500A8C25C /* MinimoogViewController.swift in Sources */,
				9E55A5B9233CBF630020828C /* AudioUnitError.swift in Sources */,
				9E55A5B2233BB4650020828C /* FactoryPresetData.swift in Sources */,
				9E4EFA4B23D1EDF8005089D2 /* Note.swift in Sources */,
				930437A321FB645A008D22E0 /* FactoryPresetsManager.swift in Sources */,
				9E4EFA4623D1D57F005089D2 /* Sample.swift in Sources */,
				9EE9DBD623D5E042009A953D /* Channel.swift in Sources */,
				9E4EFA4423D1D56A005089D2 /* Module.swift in Sources */,
				9E4EFA4723D1D588005089D2 /* Velocity.swift in Sources */,
				9E06994223B6418800F60DC9 /* AUParameter+make.swift in Sources */,
				93A7BD5B22763ED300B984D0 /* ParameterDef.swift in Sources */,
				930437A221FB645A008D22E0 /* AudioUnit.swift in Sources */,
				9E55A5AB233BA35A0020828C /* ParameterTree+loadFromPlist.swift in Sources */,
				9E55A5B4233BB4760020828C /* FactoryPresets.swift in Sources */,
				9E4EFA4D23D1F077005089D2 /* SineModule.swift in Sources */,
				9EDF05732342A9FB00BF5087 /* Instrument.swift in Sources */,
				9E4EFA4923D1EDCA005089D2 /* MidiEvent.swift in Sources */,
			);
			runOnlyForDeploymentPostprocessing = 0;
		};
		9EF974CF2338B9BB00A8C25C /* Sources */ = {
			isa = PBXSourcesBuildPhase;
			buildActionMask = 2147483647;
			files = (
				9EF974E02338B9CE00A8C25C /* UIKnob.swift in Sources */,
				9E55A578233925680020828C /* NibLoadable.swift in Sources */,
			);
			runOnlyForDeploymentPostprocessing = 0;
		};
/* End PBXSourcesBuildPhase section */

/* Begin PBXTargetDependency section */
		93B83C432272616900655F1C /* PBXTargetDependency */ = {
			isa = PBXTargetDependency;
			target = 9304376521FB619D008D22E0 /* MinimoogAU */;
			targetProxy = 93B83C422272616900655F1C /* PBXContainerItemProxy */;
		};
		9E55A57F233AB9A30020828C /* PBXTargetDependency */ = {
			isa = PBXTargetDependency;
			target = 9EF974D22338B9BB00A8C25C /* UIControls */;
			targetProxy = 9E55A57E233AB9A30020828C /* PBXContainerItemProxy */;
		};
		9EF974D92338B9BB00A8C25C /* PBXTargetDependency */ = {
			isa = PBXTargetDependency;
			target = 9EF974D22338B9BB00A8C25C /* UIControls */;
			targetProxy = 9EF974D82338B9BB00A8C25C /* PBXContainerItemProxy */;
		};
/* End PBXTargetDependency section */

/* Begin PBXVariantGroup section */
		9304377A21FB6319008D22E0 /* LaunchScreen.storyboard */ = {
			isa = PBXVariantGroup;
			children = (
				9304377B21FB6319008D22E0 /* Base */,
			);
			name = LaunchScreen.storyboard;
			sourceTree = "<group>";
		};
		9304377C21FB6319008D22E0 /* Main.storyboard */ = {
			isa = PBXVariantGroup;
			children = (
				9304377D21FB6319008D22E0 /* Base */,
			);
			name = Main.storyboard;
			sourceTree = "<group>";
		};
/* End PBXVariantGroup section */

/* Begin XCBuildConfiguration section */
		9304375D21FB6118008D22E0 /* Debug */ = {
			isa = XCBuildConfiguration;
			buildSettings = {
				ALWAYS_SEARCH_USER_PATHS = NO;
				CLANG_ANALYZER_NONNULL = YES;
				CLANG_ANALYZER_NUMBER_OBJECT_CONVERSION = YES_AGGRESSIVE;
				CLANG_CXX_LANGUAGE_STANDARD = "gnu++14";
				CLANG_CXX_LIBRARY = "libc++";
				CLANG_ENABLE_MODULES = YES;
				CLANG_ENABLE_OBJC_ARC = YES;
				CLANG_ENABLE_OBJC_WEAK = YES;
				CLANG_WARN_BLOCK_CAPTURE_AUTORELEASING = YES;
				CLANG_WARN_BOOL_CONVERSION = YES;
				CLANG_WARN_COMMA = YES;
				CLANG_WARN_CONSTANT_CONVERSION = YES;
				CLANG_WARN_DEPRECATED_OBJC_IMPLEMENTATIONS = YES;
				CLANG_WARN_DIRECT_OBJC_ISA_USAGE = YES_ERROR;
				CLANG_WARN_DOCUMENTATION_COMMENTS = YES;
				CLANG_WARN_EMPTY_BODY = YES;
				CLANG_WARN_ENUM_CONVERSION = YES;
				CLANG_WARN_INFINITE_RECURSION = YES;
				CLANG_WARN_INT_CONVERSION = YES;
				CLANG_WARN_NON_LITERAL_NULL_CONVERSION = YES;
				CLANG_WARN_OBJC_IMPLICIT_RETAIN_SELF = YES;
				CLANG_WARN_OBJC_LITERAL_CONVERSION = YES;
				CLANG_WARN_OBJC_ROOT_CLASS = YES_ERROR;
				CLANG_WARN_RANGE_LOOP_ANALYSIS = YES;
				CLANG_WARN_STRICT_PROTOTYPES = YES;
				CLANG_WARN_SUSPICIOUS_MOVE = YES;
				CLANG_WARN_UNGUARDED_AVAILABILITY = YES_AGGRESSIVE;
				CLANG_WARN_UNREACHABLE_CODE = YES;
				CLANG_WARN__DUPLICATE_METHOD_MATCH = YES;
				CODE_SIGN_IDENTITY = "iPhone Developer";
				COPY_PHASE_STRIP = NO;
				DEBUG_INFORMATION_FORMAT = dwarf;
				ENABLE_STRICT_OBJC_MSGSEND = YES;
				ENABLE_TESTABILITY = YES;
				GCC_C_LANGUAGE_STANDARD = gnu11;
				GCC_DYNAMIC_NO_PIC = NO;
				GCC_NO_COMMON_BLOCKS = YES;
				GCC_OPTIMIZATION_LEVEL = 0;
				GCC_PREPROCESSOR_DEFINITIONS = (
					"DEBUG=1",
					"$(inherited)",
				);
				GCC_WARN_64_TO_32_BIT_CONVERSION = YES;
				GCC_WARN_ABOUT_RETURN_TYPE = YES_ERROR;
				GCC_WARN_UNDECLARED_SELECTOR = YES;
				GCC_WARN_UNINITIALIZED_AUTOS = YES_AGGRESSIVE;
				GCC_WARN_UNUSED_FUNCTION = YES;
				GCC_WARN_UNUSED_VARIABLE = YES;
				IPHONEOS_DEPLOYMENT_TARGET = 11.0;
				MTL_ENABLE_DEBUG_INFO = INCLUDE_SOURCE;
				MTL_FAST_MATH = YES;
				ONLY_ACTIVE_ARCH = YES;
				SDKROOT = iphoneos;
				SWIFT_ACTIVE_COMPILATION_CONDITIONS = DEBUG;
				SWIFT_OPTIMIZATION_LEVEL = "-Onone";
			};
			name = Debug;
		};
		9304375E21FB6118008D22E0 /* Release */ = {
			isa = XCBuildConfiguration;
			buildSettings = {
				ALWAYS_SEARCH_USER_PATHS = NO;
				CLANG_ANALYZER_NONNULL = YES;
				CLANG_ANALYZER_NUMBER_OBJECT_CONVERSION = YES_AGGRESSIVE;
				CLANG_CXX_LANGUAGE_STANDARD = "gnu++14";
				CLANG_CXX_LIBRARY = "libc++";
				CLANG_ENABLE_MODULES = YES;
				CLANG_ENABLE_OBJC_ARC = YES;
				CLANG_ENABLE_OBJC_WEAK = YES;
				CLANG_WARN_BLOCK_CAPTURE_AUTORELEASING = YES;
				CLANG_WARN_BOOL_CONVERSION = YES;
				CLANG_WARN_COMMA = YES;
				CLANG_WARN_CONSTANT_CONVERSION = YES;
				CLANG_WARN_DEPRECATED_OBJC_IMPLEMENTATIONS = YES;
				CLANG_WARN_DIRECT_OBJC_ISA_USAGE = YES_ERROR;
				CLANG_WARN_DOCUMENTATION_COMMENTS = YES;
				CLANG_WARN_EMPTY_BODY = YES;
				CLANG_WARN_ENUM_CONVERSION = YES;
				CLANG_WARN_INFINITE_RECURSION = YES;
				CLANG_WARN_INT_CONVERSION = YES;
				CLANG_WARN_NON_LITERAL_NULL_CONVERSION = YES;
				CLANG_WARN_OBJC_IMPLICIT_RETAIN_SELF = YES;
				CLANG_WARN_OBJC_LITERAL_CONVERSION = YES;
				CLANG_WARN_OBJC_ROOT_CLASS = YES_ERROR;
				CLANG_WARN_RANGE_LOOP_ANALYSIS = YES;
				CLANG_WARN_STRICT_PROTOTYPES = YES;
				CLANG_WARN_SUSPICIOUS_MOVE = YES;
				CLANG_WARN_UNGUARDED_AVAILABILITY = YES_AGGRESSIVE;
				CLANG_WARN_UNREACHABLE_CODE = YES;
				CLANG_WARN__DUPLICATE_METHOD_MATCH = YES;
				CODE_SIGN_IDENTITY = "iPhone Developer";
				COPY_PHASE_STRIP = NO;
				DEBUG_INFORMATION_FORMAT = "dwarf-with-dsym";
				ENABLE_NS_ASSERTIONS = NO;
				ENABLE_STRICT_OBJC_MSGSEND = YES;
				GCC_C_LANGUAGE_STANDARD = gnu11;
				GCC_NO_COMMON_BLOCKS = YES;
				GCC_WARN_64_TO_32_BIT_CONVERSION = YES;
				GCC_WARN_ABOUT_RETURN_TYPE = YES_ERROR;
				GCC_WARN_UNDECLARED_SELECTOR = YES;
				GCC_WARN_UNINITIALIZED_AUTOS = YES_AGGRESSIVE;
				GCC_WARN_UNUSED_FUNCTION = YES;
				GCC_WARN_UNUSED_VARIABLE = YES;
				IPHONEOS_DEPLOYMENT_TARGET = 11.0;
				MTL_ENABLE_DEBUG_INFO = NO;
				MTL_FAST_MATH = YES;
				SDKROOT = iphoneos;
				SWIFT_COMPILATION_MODE = wholemodule;
				SWIFT_OPTIMIZATION_LEVEL = "-O";
				VALIDATE_PRODUCT = YES;
			};
			name = Release;
		};
		9304376021FB6118008D22E0 /* Debug */ = {
			isa = XCBuildConfiguration;
			buildSettings = {
				ALWAYS_EMBED_SWIFT_STANDARD_LIBRARIES = "$(inherited)";
				ASSETCATALOG_COMPILER_APPICON_NAME = AppIcon;
				CLANG_ENABLE_MODULES = YES;
				CODE_SIGN_ENTITLEMENTS = Minimoog/Minimoog.entitlements;
				CODE_SIGN_STYLE = Automatic;
				DEVELOPMENT_TEAM = 7RAKKNJU4B;
				INFOPLIST_FILE = Minimoog/Info.plist;
				IPHONEOS_DEPLOYMENT_TARGET = 11.0;
				LD_RUNPATH_SEARCH_PATHS = (
					"$(inherited)",
					"@executable_path/Frameworks",
				);
				PRODUCT_BUNDLE_IDENTIFIER = com.ylychkouski.minimoog;
				PRODUCT_NAME = "$(TARGET_NAME)";
				SWIFT_OPTIMIZATION_LEVEL = "-Onone";
				SWIFT_VERSION = 4.2;
				TARGETED_DEVICE_FAMILY = "1,2";
			};
			name = Debug;
		};
		9304376121FB6118008D22E0 /* Release */ = {
			isa = XCBuildConfiguration;
			buildSettings = {
				ALWAYS_EMBED_SWIFT_STANDARD_LIBRARIES = "$(inherited)";
				ASSETCATALOG_COMPILER_APPICON_NAME = AppIcon;
				CLANG_ENABLE_MODULES = YES;
				CODE_SIGN_ENTITLEMENTS = Minimoog/Minimoog.entitlements;
				CODE_SIGN_STYLE = Automatic;
				DEVELOPMENT_TEAM = 7RAKKNJU4B;
				INFOPLIST_FILE = Minimoog/Info.plist;
				IPHONEOS_DEPLOYMENT_TARGET = 11.0;
				LD_RUNPATH_SEARCH_PATHS = (
					"$(inherited)",
					"@executable_path/Frameworks",
				);
				PRODUCT_BUNDLE_IDENTIFIER = com.ylychkouski.minimoog;
				PRODUCT_NAME = "$(TARGET_NAME)";
				SWIFT_VERSION = 4.2;
				TARGETED_DEVICE_FAMILY = "1,2";
			};
			name = Release;
		};
		9304377621FB619D008D22E0 /* Debug */ = {
			isa = XCBuildConfiguration;
			buildSettings = {
				ALWAYS_EMBED_SWIFT_STANDARD_LIBRARIES = "$(inherited)";
				CODE_SIGN_ENTITLEMENTS = MinimoogAU/MinimoogAU.entitlements;
				CODE_SIGN_STYLE = Automatic;
				DEVELOPMENT_TEAM = 7RAKKNJU4B;
				INFOPLIST_FILE = MinimoogAU/Info.plist;
				IPHONEOS_DEPLOYMENT_TARGET = 11.0;
				LD_RUNPATH_SEARCH_PATHS = (
					"$(inherited)",
					"@executable_path/Frameworks",
					"@executable_path/../../Frameworks",
				);
				PRODUCT_BUNDLE_IDENTIFIER = com.ylychkouski.minimoog.minimoogau;
				PRODUCT_NAME = "$(TARGET_NAME)";
				SKIP_INSTALL = YES;
				SWIFT_VERSION = 4.2;
				TARGETED_DEVICE_FAMILY = "1,2";
			};
			name = Debug;
		};
		9304377721FB619D008D22E0 /* Release */ = {
			isa = XCBuildConfiguration;
			buildSettings = {
				ALWAYS_EMBED_SWIFT_STANDARD_LIBRARIES = "$(inherited)";
				CODE_SIGN_ENTITLEMENTS = MinimoogAU/MinimoogAU.entitlements;
				CODE_SIGN_STYLE = Automatic;
				DEVELOPMENT_TEAM = 7RAKKNJU4B;
				INFOPLIST_FILE = MinimoogAU/Info.plist;
				IPHONEOS_DEPLOYMENT_TARGET = 11.0;
				LD_RUNPATH_SEARCH_PATHS = (
					"$(inherited)",
					"@executable_path/Frameworks",
					"@executable_path/../../Frameworks",
				);
				PRODUCT_BUNDLE_IDENTIFIER = com.ylychkouski.minimoog.minimoogau;
				PRODUCT_NAME = "$(TARGET_NAME)";
				SKIP_INSTALL = YES;
				SWIFT_VERSION = 4.2;
				TARGETED_DEVICE_FAMILY = "1,2";
			};
			name = Release;
		};
		9EF974DD2338B9BB00A8C25C /* Debug */ = {
			isa = XCBuildConfiguration;
			buildSettings = {
				APPLICATION_EXTENSION_API_ONLY = YES;
				CODE_SIGN_IDENTITY = "";
				CODE_SIGN_STYLE = Automatic;
				CURRENT_PROJECT_VERSION = 1;
				DEFINES_MODULE = YES;
				DEVELOPMENT_TEAM = 7RAKKNJU4B;
				DYLIB_COMPATIBILITY_VERSION = 1;
				DYLIB_CURRENT_VERSION = 1;
				DYLIB_INSTALL_NAME_BASE = "@rpath";
				INFOPLIST_FILE = UIControls/Info.plist;
				INSTALL_PATH = "$(LOCAL_LIBRARY_DIR)/Frameworks";
				IPHONEOS_DEPLOYMENT_TARGET = 11.0;
				LD_RUNPATH_SEARCH_PATHS = (
					"$(inherited)",
					"@executable_path/Frameworks",
					"@loader_path/Frameworks",
				);
				PRODUCT_BUNDLE_IDENTIFIER = com.ylychkouski.uicontrols;
				PRODUCT_NAME = "$(TARGET_NAME:c99extidentifier)";
				SKIP_INSTALL = YES;
				SWIFT_VERSION = 4.2;
				TARGETED_DEVICE_FAMILY = "1,2";
				VERSIONING_SYSTEM = "apple-generic";
				VERSION_INFO_PREFIX = "";
			};
			name = Debug;
		};
		9EF974DE2338B9BB00A8C25C /* Release */ = {
			isa = XCBuildConfiguration;
			buildSettings = {
				APPLICATION_EXTENSION_API_ONLY = YES;
				CODE_SIGN_IDENTITY = "";
				CODE_SIGN_STYLE = Automatic;
				CURRENT_PROJECT_VERSION = 1;
				DEFINES_MODULE = YES;
				DEVELOPMENT_TEAM = 7RAKKNJU4B;
				DYLIB_COMPATIBILITY_VERSION = 1;
				DYLIB_CURRENT_VERSION = 1;
				DYLIB_INSTALL_NAME_BASE = "@rpath";
				INFOPLIST_FILE = UIControls/Info.plist;
				INSTALL_PATH = "$(LOCAL_LIBRARY_DIR)/Frameworks";
				IPHONEOS_DEPLOYMENT_TARGET = 11.0;
				LD_RUNPATH_SEARCH_PATHS = (
					"$(inherited)",
					"@executable_path/Frameworks",
					"@loader_path/Frameworks",
				);
				PRODUCT_BUNDLE_IDENTIFIER = com.ylychkouski.uicontrols;
				PRODUCT_NAME = "$(TARGET_NAME:c99extidentifier)";
				SKIP_INSTALL = YES;
				SWIFT_VERSION = 4.2;
				TARGETED_DEVICE_FAMILY = "1,2";
				VERSIONING_SYSTEM = "apple-generic";
				VERSION_INFO_PREFIX = "";
			};
			name = Release;
		};
/* End XCBuildConfiguration section */

/* Begin XCConfigurationList section */
		9304374821FB6117008D22E0 /* Build configuration list for PBXProject "Minimoog" */ = {
			isa = XCConfigurationList;
			buildConfigurations = (
				9304375D21FB6118008D22E0 /* Debug */,
				9304375E21FB6118008D22E0 /* Release */,
			);
			defaultConfigurationIsVisible = 0;
			defaultConfigurationName = Release;
		};
		9304375F21FB6118008D22E0 /* Build configuration list for PBXNativeTarget "Minimoog" */ = {
			isa = XCConfigurationList;
			buildConfigurations = (
				9304376021FB6118008D22E0 /* Debug */,
				9304376121FB6118008D22E0 /* Release */,
			);
			defaultConfigurationIsVisible = 0;
			defaultConfigurationName = Release;
		};
		9304377521FB619D008D22E0 /* Build configuration list for PBXNativeTarget "MinimoogAU" */ = {
			isa = XCConfigurationList;
			buildConfigurations = (
				9304377621FB619D008D22E0 /* Debug */,
				9304377721FB619D008D22E0 /* Release */,
			);
			defaultConfigurationIsVisible = 0;
			defaultConfigurationName = Release;
		};
		9EF974DC2338B9BB00A8C25C /* Build configuration list for PBXNativeTarget "UIControls" */ = {
			isa = XCConfigurationList;
			buildConfigurations = (
				9EF974DD2338B9BB00A8C25C /* Debug */,
				9EF974DE2338B9BB00A8C25C /* Release */,
			);
			defaultConfigurationIsVisible = 0;
			defaultConfigurationName = Release;
		};
/* End XCConfigurationList section */
	};
	rootObject = 9304374521FB6117008D22E0 /* Project object */;
}
