// !$*UTF8*$!
{
	archiveVersion = 1;
	classes = {
	};
	objectVersion = 50;
	objects = {

/* Begin PBXBuildFile section */
		930E79A02175518A00568351 /* SimplePlayEngine.swift in Sources */ = {isa = PBXBuildFile; fileRef = 930E799E2175518900568351 /* SimplePlayEngine.swift */; };
		930E79A12175518A00568351 /* drumLoop.caf in Resources */ = {isa = PBXBuildFile; fileRef = 930E799F2175518A00568351 /* drumLoop.caf */; };
		930E79A32175545100568351 /* AVFoundation.framework in Frameworks */ = {isa = PBXBuildFile; fileRef = 930E79A22175545100568351 /* AVFoundation.framework */; };
		930F395D21679E0F00BAB7F3 /* AppDelegate.swift in Sources */ = {isa = PBXBuildFile; fileRef = 930F395C21679E0F00BAB7F3 /* AppDelegate.swift */; };
		930F395F21679E0F00BAB7F3 /* ViewController.swift in Sources */ = {isa = PBXBuildFile; fileRef = 930F395E21679E0F00BAB7F3 /* ViewController.swift */; };
		930F396221679E0F00BAB7F3 /* Main.storyboard in Resources */ = {isa = PBXBuildFile; fileRef = 930F396021679E0F00BAB7F3 /* Main.storyboard */; };
		930F396421679E1100BAB7F3 /* Assets.xcassets in Resources */ = {isa = PBXBuildFile; fileRef = 930F396321679E1100BAB7F3 /* Assets.xcassets */; };
		930F396721679E1100BAB7F3 /* LaunchScreen.storyboard in Resources */ = {isa = PBXBuildFile; fileRef = 930F396521679E1100BAB7F3 /* LaunchScreen.storyboard */; };
		930F398021691B2F00BAB7F3 /* minimoog_instrument.appex in Embed App Extensions */ = {isa = PBXBuildFile; fileRef = 930F397221691B2F00BAB7F3 /* minimoog_instrument.appex */; settings = {ATTRIBUTES = (RemoveHeadersOnCopy, ); }; };
		931E349F219319AB00451814 /* FactoryPresets.plist in Resources */ = {isa = PBXBuildFile; fileRef = 931E349E219319AB00451814 /* FactoryPresets.plist */; };
		931E34A0219319AB00451814 /* FactoryPresets.plist in Resources */ = {isa = PBXBuildFile; fileRef = 931E349E219319AB00451814 /* FactoryPresets.plist */; };
		93BAFB5C21875C3B004C0D7C /* MinimoogInstrumentKnob.swift in Sources */ = {isa = PBXBuildFile; fileRef = 93BAFB4521875C3A004C0D7C /* MinimoogInstrumentKnob.swift */; };
		93BAFB5D21875C3B004C0D7C /* MinimoogInstrumentKnob.swift in Sources */ = {isa = PBXBuildFile; fileRef = 93BAFB4521875C3A004C0D7C /* MinimoogInstrumentKnob.swift */; };
		93BAFB5E21875C3B004C0D7C /* MainInterface.storyboard in Resources */ = {isa = PBXBuildFile; fileRef = 93BAFB4621875C3A004C0D7C /* MainInterface.storyboard */; };
		93BAFB5F21875C3B004C0D7C /* MainInterface.storyboard in Resources */ = {isa = PBXBuildFile; fileRef = 93BAFB4621875C3A004C0D7C /* MainInterface.storyboard */; };
		93BAFB6021875C3B004C0D7C /* MinimoogInstrumentFactoryPresetsManager.swift in Sources */ = {isa = PBXBuildFile; fileRef = 93BAFB4821875C3A004C0D7C /* MinimoogInstrumentFactoryPresetsManager.swift */; };
		93BAFB6121875C3B004C0D7C /* MinimoogInstrumentFactoryPresetsManager.swift in Sources */ = {isa = PBXBuildFile; fileRef = 93BAFB4821875C3A004C0D7C /* MinimoogInstrumentFactoryPresetsManager.swift */; };
		93BAFB6221875C3B004C0D7C /* MinimoogInstrumentPreset.swift in Sources */ = {isa = PBXBuildFile; fileRef = 93BAFB4921875C3A004C0D7C /* MinimoogInstrumentPreset.swift */; };
		93BAFB6321875C3B004C0D7C /* MinimoogInstrumentPreset.swift in Sources */ = {isa = PBXBuildFile; fileRef = 93BAFB4921875C3A004C0D7C /* MinimoogInstrumentPreset.swift */; };
		93BAFB6421875C3B004C0D7C /* MinimoogInstrumentAudioUnit.swift in Sources */ = {isa = PBXBuildFile; fileRef = 93BAFB4A21875C3A004C0D7C /* MinimoogInstrumentAudioUnit.swift */; };
		93BAFB6521875C3B004C0D7C /* MinimoogInstrumentAudioUnit.swift in Sources */ = {isa = PBXBuildFile; fileRef = 93BAFB4A21875C3A004C0D7C /* MinimoogInstrumentAudioUnit.swift */; };
		93BAFB6621875C3B004C0D7C /* MinimoogInstrumentViewController.swift in Sources */ = {isa = PBXBuildFile; fileRef = 93BAFB4B21875C3A004C0D7C /* MinimoogInstrumentViewController.swift */; };
		93BAFB6721875C3B004C0D7C /* MinimoogInstrumentViewController.swift in Sources */ = {isa = PBXBuildFile; fileRef = 93BAFB4B21875C3A004C0D7C /* MinimoogInstrumentViewController.swift */; };
		93BAFB6821875C3B004C0D7C /* knob_range.png in Resources */ = {isa = PBXBuildFile; fileRef = 93BAFB4D21875C3A004C0D7C /* knob_range.png */; };
		93BAFB6921875C3B004C0D7C /* knob_range.png in Resources */ = {isa = PBXBuildFile; fileRef = 93BAFB4D21875C3A004C0D7C /* knob_range.png */; };
		93BAFB6A21875C3B004C0D7C /* knob_volume.png in Resources */ = {isa = PBXBuildFile; fileRef = 93BAFB4E21875C3A004C0D7C /* knob_volume.png */; };
		93BAFB6B21875C3B004C0D7C /* knob_volume.png in Resources */ = {isa = PBXBuildFile; fileRef = 93BAFB4E21875C3A004C0D7C /* knob_volume.png */; };
		93BAFB6C21875C3B004C0D7C /* knob_detune.png in Resources */ = {isa = PBXBuildFile; fileRef = 93BAFB4F21875C3A004C0D7C /* knob_detune.png */; };
		93BAFB6D21875C3B004C0D7C /* knob_detune.png in Resources */ = {isa = PBXBuildFile; fileRef = 93BAFB4F21875C3A004C0D7C /* knob_detune.png */; };
		93BAFB6E21875C3B004C0D7C /* knob_waveform.png in Resources */ = {isa = PBXBuildFile; fileRef = 93BAFB5021875C3A004C0D7C /* knob_waveform.png */; };
		93BAFB6F21875C3B004C0D7C /* knob_waveform.png in Resources */ = {isa = PBXBuildFile; fileRef = 93BAFB5021875C3A004C0D7C /* knob_waveform.png */; };
		93BAFB7021875C3B004C0D7C /* knob_pointer.png in Resources */ = {isa = PBXBuildFile; fileRef = 93BAFB5121875C3A004C0D7C /* knob_pointer.png */; };
		93BAFB7121875C3B004C0D7C /* knob_pointer.png in Resources */ = {isa = PBXBuildFile; fileRef = 93BAFB5121875C3A004C0D7C /* knob_pointer.png */; };
		93BAFB7221875C3B004C0D7C /* knob_bg.png in Resources */ = {isa = PBXBuildFile; fileRef = 93BAFB5221875C3A004C0D7C /* knob_bg.png */; };
		93BAFB7321875C3B004C0D7C /* knob_bg.png in Resources */ = {isa = PBXBuildFile; fileRef = 93BAFB5221875C3A004C0D7C /* knob_bg.png */; };
		93BAFB7621875C3B004C0D7C /* MinimoogInstrumentBase.mm in Sources */ = {isa = PBXBuildFile; fileRef = 93BAFB5821875C3A004C0D7C /* MinimoogInstrumentBase.mm */; };
		93BAFB7721875C3B004C0D7C /* MinimoogInstrumentBase.mm in Sources */ = {isa = PBXBuildFile; fileRef = 93BAFB5821875C3A004C0D7C /* MinimoogInstrumentBase.mm */; };
		93BAFB7821875C3B004C0D7C /* MinimoogInstrument.mm in Sources */ = {isa = PBXBuildFile; fileRef = 93BAFB5921875C3A004C0D7C /* MinimoogInstrument.mm */; };
		93BAFB7921875C3B004C0D7C /* MinimoogInstrument.mm in Sources */ = {isa = PBXBuildFile; fileRef = 93BAFB5921875C3A004C0D7C /* MinimoogInstrument.mm */; };
		93BAFB7A21875C3B004C0D7C /* MinimoogInstrumentObjcWrapper.mm in Sources */ = {isa = PBXBuildFile; fileRef = 93BAFB5B21875C3A004C0D7C /* MinimoogInstrumentObjcWrapper.mm */; };
		93BAFB7B21875C3B004C0D7C /* MinimoogInstrumentObjcWrapper.mm in Sources */ = {isa = PBXBuildFile; fileRef = 93BAFB5B21875C3A004C0D7C /* MinimoogInstrumentObjcWrapper.mm */; };
/* End PBXBuildFile section */

/* Begin PBXContainerItemProxy section */
		930F397E21691B2F00BAB7F3 /* PBXContainerItemProxy */ = {
			isa = PBXContainerItemProxy;
			containerPortal = 930F395121679E0F00BAB7F3 /* Project object */;
			proxyType = 1;
			remoteGlobalIDString = 930F397121691B2F00BAB7F3;
			remoteInfo = minimoog_instrument;
		};
/* End PBXContainerItemProxy section */

/* Begin PBXCopyFilesBuildPhase section */
		930F398421691B2F00BAB7F3 /* Embed App Extensions */ = {
			isa = PBXCopyFilesBuildPhase;
			buildActionMask = 2147483647;
			dstPath = "";
			dstSubfolderSpec = 13;
			files = (
				930F398021691B2F00BAB7F3 /* minimoog_instrument.appex in Embed App Extensions */,
			);
			name = "Embed App Extensions";
			runOnlyForDeploymentPostprocessing = 0;
		};
/* End PBXCopyFilesBuildPhase section */

/* Begin PBXFileReference section */
		930E799E2175518900568351 /* SimplePlayEngine.swift */ = {isa = PBXFileReference; fileEncoding = 4; lastKnownFileType = sourcecode.swift; path = SimplePlayEngine.swift; sourceTree = "<group>"; };
		930E799F2175518A00568351 /* drumLoop.caf */ = {isa = PBXFileReference; lastKnownFileType = file; path = drumLoop.caf; sourceTree = "<group>"; };
		930E79A22175545100568351 /* AVFoundation.framework */ = {isa = PBXFileReference; lastKnownFileType = wrapper.framework; name = AVFoundation.framework; path = System/Library/Frameworks/AVFoundation.framework; sourceTree = SDKROOT; };
		930F395921679E0F00BAB7F3 /* minimoog.app */ = {isa = PBXFileReference; explicitFileType = wrapper.application; includeInIndex = 0; path = minimoog.app; sourceTree = BUILT_PRODUCTS_DIR; };
		930F395C21679E0F00BAB7F3 /* AppDelegate.swift */ = {isa = PBXFileReference; lastKnownFileType = sourcecode.swift; path = AppDelegate.swift; sourceTree = "<group>"; };
		930F395E21679E0F00BAB7F3 /* ViewController.swift */ = {isa = PBXFileReference; lastKnownFileType = sourcecode.swift; path = ViewController.swift; sourceTree = "<group>"; };
		930F396121679E0F00BAB7F3 /* Base */ = {isa = PBXFileReference; lastKnownFileType = file.storyboard; name = Base; path = Base.lproj/Main.storyboard; sourceTree = "<group>"; };
		930F396321679E1100BAB7F3 /* Assets.xcassets */ = {isa = PBXFileReference; lastKnownFileType = folder.assetcatalog; path = Assets.xcassets; sourceTree = "<group>"; };
		930F396621679E1100BAB7F3 /* Base */ = {isa = PBXFileReference; lastKnownFileType = file.storyboard; name = Base; path = Base.lproj/LaunchScreen.storyboard; sourceTree = "<group>"; };
		930F396821679E1100BAB7F3 /* Info.plist */ = {isa = PBXFileReference; lastKnownFileType = text.plist.xml; path = Info.plist; sourceTree = "<group>"; };
		930F397221691B2F00BAB7F3 /* minimoog_instrument.appex */ = {isa = PBXFileReference; explicitFileType = "wrapper.app-extension"; includeInIndex = 0; path = minimoog_instrument.appex; sourceTree = BUILT_PRODUCTS_DIR; };
		930F398621691B6B00BAB7F3 /* AudioUnit.framework */ = {isa = PBXFileReference; lastKnownFileType = wrapper.framework; name = AudioUnit.framework; path = System/Library/Frameworks/AudioUnit.framework; sourceTree = SDKROOT; };
		931E349E219319AB00451814 /* FactoryPresets.plist */ = {isa = PBXFileReference; lastKnownFileType = text.plist.xml; name = FactoryPresets.plist; path = minimoog_instrument/Assets/FactoryPresets.plist; sourceTree = SOURCE_ROOT; };
		93BAFB4521875C3A004C0D7C /* MinimoogInstrumentKnob.swift */ = {isa = PBXFileReference; fileEncoding = 4; lastKnownFileType = sourcecode.swift; path = MinimoogInstrumentKnob.swift; sourceTree = "<group>"; };
		93BAFB4721875C3A004C0D7C /* Base */ = {isa = PBXFileReference; lastKnownFileType = file.storyboard; name = Base; path = Base.lproj/MainInterface.storyboard; sourceTree = "<group>"; };
		93BAFB4821875C3A004C0D7C /* MinimoogInstrumentFactoryPresetsManager.swift */ = {isa = PBXFileReference; fileEncoding = 4; lastKnownFileType = sourcecode.swift; path = MinimoogInstrumentFactoryPresetsManager.swift; sourceTree = "<group>"; };
		93BAFB4921875C3A004C0D7C /* MinimoogInstrumentPreset.swift */ = {isa = PBXFileReference; fileEncoding = 4; lastKnownFileType = sourcecode.swift; path = MinimoogInstrumentPreset.swift; sourceTree = "<group>"; };
		93BAFB4A21875C3A004C0D7C /* MinimoogInstrumentAudioUnit.swift */ = {isa = PBXFileReference; fileEncoding = 4; lastKnownFileType = sourcecode.swift; path = MinimoogInstrumentAudioUnit.swift; sourceTree = "<group>"; };
		93BAFB4B21875C3A004C0D7C /* MinimoogInstrumentViewController.swift */ = {isa = PBXFileReference; fileEncoding = 4; lastKnownFileType = sourcecode.swift; path = MinimoogInstrumentViewController.swift; sourceTree = "<group>"; };
		93BAFB4D21875C3A004C0D7C /* knob_range.png */ = {isa = PBXFileReference; lastKnownFileType = image.png; path = knob_range.png; sourceTree = "<group>"; };
		93BAFB4E21875C3A004C0D7C /* knob_volume.png */ = {isa = PBXFileReference; lastKnownFileType = image.png; path = knob_volume.png; sourceTree = "<group>"; };
		93BAFB4F21875C3A004C0D7C /* knob_detune.png */ = {isa = PBXFileReference; lastKnownFileType = image.png; path = knob_detune.png; sourceTree = "<group>"; };
		93BAFB5021875C3A004C0D7C /* knob_waveform.png */ = {isa = PBXFileReference; lastKnownFileType = image.png; path = knob_waveform.png; sourceTree = "<group>"; };
		93BAFB5121875C3A004C0D7C /* knob_pointer.png */ = {isa = PBXFileReference; lastKnownFileType = image.png; path = knob_pointer.png; sourceTree = "<group>"; };
		93BAFB5221875C3A004C0D7C /* knob_bg.png */ = {isa = PBXFileReference; lastKnownFileType = image.png; path = knob_bg.png; sourceTree = "<group>"; };
		93BAFB5321875C3A004C0D7C /* Info.plist */ = {isa = PBXFileReference; fileEncoding = 4; lastKnownFileType = text.plist.xml; path = Info.plist; sourceTree = "<group>"; };
		93BAFB5521875C3A004C0D7C /* MinimoogInstrumentBase.hpp */ = {isa = PBXFileReference; fileEncoding = 4; lastKnownFileType = sourcecode.cpp.h; path = MinimoogInstrumentBase.hpp; sourceTree = "<group>"; };
		93BAFB5621875C3A004C0D7C /* MinimoogInstrumentObjcWrapper-Bridging-Header.h */ = {isa = PBXFileReference; fileEncoding = 4; lastKnownFileType = sourcecode.c.h; path = "MinimoogInstrumentObjcWrapper-Bridging-Header.h"; sourceTree = "<group>"; };
		93BAFB5721875C3A004C0D7C /* MinimoogInstrumentObjcWrapper.h */ = {isa = PBXFileReference; fileEncoding = 4; lastKnownFileType = sourcecode.c.h; path = MinimoogInstrumentObjcWrapper.h; sourceTree = "<group>"; };
		93BAFB5821875C3A004C0D7C /* MinimoogInstrumentBase.mm */ = {isa = PBXFileReference; fileEncoding = 4; lastKnownFileType = sourcecode.cpp.objcpp; path = MinimoogInstrumentBase.mm; sourceTree = "<group>"; };
		93BAFB5921875C3A004C0D7C /* MinimoogInstrument.mm */ = {isa = PBXFileReference; fileEncoding = 4; lastKnownFileType = sourcecode.cpp.objcpp; path = MinimoogInstrument.mm; sourceTree = "<group>"; };
		93BAFB5A21875C3A004C0D7C /* MinimoogInstrument.hpp */ = {isa = PBXFileReference; fileEncoding = 4; lastKnownFileType = sourcecode.cpp.h; path = MinimoogInstrument.hpp; sourceTree = "<group>"; };
		93BAFB5B21875C3A004C0D7C /* MinimoogInstrumentObjcWrapper.mm */ = {isa = PBXFileReference; fileEncoding = 4; lastKnownFileType = sourcecode.cpp.objcpp; path = MinimoogInstrumentObjcWrapper.mm; sourceTree = "<group>"; };
/* End PBXFileReference section */

/* Begin PBXFrameworksBuildPhase section */
		930F395621679E0F00BAB7F3 /* Frameworks */ = {
			isa = PBXFrameworksBuildPhase;
			buildActionMask = 2147483647;
			files = (
			);
			runOnlyForDeploymentPostprocessing = 0;
		};
		930F396F21691B2F00BAB7F3 /* Frameworks */ = {
			isa = PBXFrameworksBuildPhase;
			buildActionMask = 2147483647;
			files = (
				930E79A32175545100568351 /* AVFoundation.framework in Frameworks */,
			);
			runOnlyForDeploymentPostprocessing = 0;
		};
/* End PBXFrameworksBuildPhase section */

/* Begin PBXGroup section */
		930F395021679E0F00BAB7F3 = {
			isa = PBXGroup;
			children = (
				93BAFB4421875C3A004C0D7C /* minimoog_instrument */,
				930F395B21679E0F00BAB7F3 /* minimoog */,
				930F395A21679E0F00BAB7F3 /* Products */,
				930F398521691B6A00BAB7F3 /* Frameworks */,
			);
			sourceTree = "<group>";
		};
		930F395A21679E0F00BAB7F3 /* Products */ = {
			isa = PBXGroup;
			children = (
				930F395921679E0F00BAB7F3 /* minimoog.app */,
				930F397221691B2F00BAB7F3 /* minimoog_instrument.appex */,
			);
			name = Products;
			sourceTree = "<group>";
		};
		930F395B21679E0F00BAB7F3 /* minimoog */ = {
			isa = PBXGroup;
			children = (
				930E799F2175518A00568351 /* drumLoop.caf */,
				930E799E2175518900568351 /* SimplePlayEngine.swift */,
				930F395C21679E0F00BAB7F3 /* AppDelegate.swift */,
				930F395E21679E0F00BAB7F3 /* ViewController.swift */,
				930F396021679E0F00BAB7F3 /* Main.storyboard */,
				930F396321679E1100BAB7F3 /* Assets.xcassets */,
				930F396521679E1100BAB7F3 /* LaunchScreen.storyboard */,
				930F396821679E1100BAB7F3 /* Info.plist */,
			);
			path = minimoog;
			sourceTree = "<group>";
		};
		930F398521691B6A00BAB7F3 /* Frameworks */ = {
			isa = PBXGroup;
			children = (
				930E79A22175545100568351 /* AVFoundation.framework */,
				930F398621691B6B00BAB7F3 /* AudioUnit.framework */,
			);
			name = Frameworks;
			sourceTree = "<group>";
		};
		93BAFB4421875C3A004C0D7C /* minimoog_instrument */ = {
			isa = PBXGroup;
			children = (
				93BAFB4C21875C3A004C0D7C /* Assets */,
				93BAFB5421875C3A004C0D7C /* minimoog_instrument_core */,
				93BAFB4521875C3A004C0D7C /* MinimoogInstrumentKnob.swift */,
				93BAFB4621875C3A004C0D7C /* MainInterface.storyboard */,
				93BAFB4821875C3A004C0D7C /* MinimoogInstrumentFactoryPresetsManager.swift */,
				93BAFB4921875C3A004C0D7C /* MinimoogInstrumentPreset.swift */,
				93BAFB4A21875C3A004C0D7C /* MinimoogInstrumentAudioUnit.swift */,
				93BAFB4B21875C3A004C0D7C /* MinimoogInstrumentViewController.swift */,
				93BAFB5321875C3A004C0D7C /* Info.plist */,
			);
			path = minimoog_instrument;
			sourceTree = "<group>";
		};
		93BAFB4C21875C3A004C0D7C /* Assets */ = {
			isa = PBXGroup;
			children = (
				931E349E219319AB00451814 /* FactoryPresets.plist */,
				93BAFB4D21875C3A004C0D7C /* knob_range.png */,
				93BAFB4E21875C3A004C0D7C /* knob_volume.png */,
				93BAFB4F21875C3A004C0D7C /* knob_detune.png */,
				93BAFB5021875C3A004C0D7C /* knob_waveform.png */,
				93BAFB5121875C3A004C0D7C /* knob_pointer.png */,
				93BAFB5221875C3A004C0D7C /* knob_bg.png */,
			);
			path = Assets;
			sourceTree = "<group>";
		};
		93BAFB5421875C3A004C0D7C /* minimoog_instrument_core */ = {
			isa = PBXGroup;
			children = (
				93BAFB5521875C3A004C0D7C /* MinimoogInstrumentBase.hpp */,
				93BAFB5821875C3A004C0D7C /* MinimoogInstrumentBase.mm */,
				93BAFB5A21875C3A004C0D7C /* MinimoogInstrument.hpp */,
				93BAFB5921875C3A004C0D7C /* MinimoogInstrument.mm */,
				93BAFB5721875C3A004C0D7C /* MinimoogInstrumentObjcWrapper.h */,
				93BAFB5B21875C3A004C0D7C /* MinimoogInstrumentObjcWrapper.mm */,
				93BAFB5621875C3A004C0D7C /* MinimoogInstrumentObjcWrapper-Bridging-Header.h */,
			);
			path = minimoog_instrument_core;
			sourceTree = "<group>";
		};
/* End PBXGroup section */

/* Begin PBXNativeTarget section */
		930F395821679E0F00BAB7F3 /* minimoog */ = {
			isa = PBXNativeTarget;
			buildConfigurationList = 930F396B21679E1100BAB7F3 /* Build configuration list for PBXNativeTarget "minimoog" */;
			buildPhases = (
				930F395521679E0F00BAB7F3 /* Sources */,
				930F395621679E0F00BAB7F3 /* Frameworks */,
				930F395721679E0F00BAB7F3 /* Resources */,
				930F398421691B2F00BAB7F3 /* Embed App Extensions */,
			);
			buildRules = (
			);
			dependencies = (
				930F397F21691B2F00BAB7F3 /* PBXTargetDependency */,
			);
			name = minimoog;
			productName = minimoog;
			productReference = 930F395921679E0F00BAB7F3 /* minimoog.app */;
			productType = "com.apple.product-type.application";
		};
		930F397121691B2F00BAB7F3 /* minimoog_instrument */ = {
			isa = PBXNativeTarget;
			buildConfigurationList = 930F398121691B2F00BAB7F3 /* Build configuration list for PBXNativeTarget "minimoog_instrument" */;
			buildPhases = (
				930F396E21691B2F00BAB7F3 /* Sources */,
				930F396F21691B2F00BAB7F3 /* Frameworks */,
				930F397021691B2F00BAB7F3 /* Resources */,
			);
			buildRules = (
			);
			dependencies = (
			);
			name = minimoog_instrument;
			productName = minimoog_instrument;
			productReference = 930F397221691B2F00BAB7F3 /* minimoog_instrument.appex */;
			productType = "com.apple.product-type.app-extension";
		};
/* End PBXNativeTarget section */

/* Begin PBXProject section */
		930F395121679E0F00BAB7F3 /* Project object */ = {
			isa = PBXProject;
			attributes = {
				LastSwiftUpdateCheck = 1000;
				LastUpgradeCheck = 1000;
				ORGANIZATIONNAME = "Yauheni Lychkouski";
				TargetAttributes = {
					930F395821679E0F00BAB7F3 = {
						CreatedOnToolsVersion = 10.0;
					};
					930F397121691B2F00BAB7F3 = {
						CreatedOnToolsVersion = 10.0;
					};
				};
			};
			buildConfigurationList = 930F395421679E0F00BAB7F3 /* Build configuration list for PBXProject "minimoog" */;
			compatibilityVersion = "Xcode 9.3";
			developmentRegion = en;
			hasScannedForEncodings = 0;
			knownRegions = (
				en,
				Base,
			);
			mainGroup = 930F395021679E0F00BAB7F3;
			productRefGroup = 930F395A21679E0F00BAB7F3 /* Products */;
			projectDirPath = "";
			projectRoot = "";
			targets = (
				930F395821679E0F00BAB7F3 /* minimoog */,
				930F397121691B2F00BAB7F3 /* minimoog_instrument */,
			);
		};
/* End PBXProject section */

/* Begin PBXResourcesBuildPhase section */
		930F395721679E0F00BAB7F3 /* Resources */ = {
			isa = PBXResourcesBuildPhase;
			buildActionMask = 2147483647;
			files = (
				931E349F219319AB00451814 /* FactoryPresets.plist in Resources */,
				93BAFB6E21875C3B004C0D7C /* knob_waveform.png in Resources */,
				93BAFB6C21875C3B004C0D7C /* knob_detune.png in Resources */,
				93BAFB7221875C3B004C0D7C /* knob_bg.png in Resources */,
				930F396721679E1100BAB7F3 /* LaunchScreen.storyboard in Resources */,
				93BAFB7021875C3B004C0D7C /* knob_pointer.png in Resources */,
				93BAFB5E21875C3B004C0D7C /* MainInterface.storyboard in Resources */,
				930E79A12175518A00568351 /* drumLoop.caf in Resources */,
				93BAFB6A21875C3B004C0D7C /* knob_volume.png in Resources */,
				930F396421679E1100BAB7F3 /* Assets.xcassets in Resources */,
				930F396221679E0F00BAB7F3 /* Main.storyboard in Resources */,
				93BAFB6821875C3B004C0D7C /* knob_range.png in Resources */,
			);
			runOnlyForDeploymentPostprocessing = 0;
		};
		930F397021691B2F00BAB7F3 /* Resources */ = {
			isa = PBXResourcesBuildPhase;
			buildActionMask = 2147483647;
			files = (
				931E34A0219319AB00451814 /* FactoryPresets.plist in Resources */,
				93BAFB7321875C3B004C0D7C /* knob_bg.png in Resources */,
				93BAFB6D21875C3B004C0D7C /* knob_detune.png in Resources */,
				93BAFB7121875C3B004C0D7C /* knob_pointer.png in Resources */,
				93BAFB6B21875C3B004C0D7C /* knob_volume.png in Resources */,
				93BAFB5F21875C3B004C0D7C /* MainInterface.storyboard in Resources */,
				93BAFB6F21875C3B004C0D7C /* knob_waveform.png in Resources */,
				93BAFB6921875C3B004C0D7C /* knob_range.png in Resources */,
			);
			runOnlyForDeploymentPostprocessing = 0;
		};
/* End PBXResourcesBuildPhase section */

/* Begin PBXSourcesBuildPhase section */
		930F395521679E0F00BAB7F3 /* Sources */ = {
			isa = PBXSourcesBuildPhase;
			buildActionMask = 2147483647;
			files = (
				93BAFB7621875C3B004C0D7C /* MinimoogInstrumentBase.mm in Sources */,
				93BAFB6621875C3B004C0D7C /* MinimoogInstrumentViewController.swift in Sources */,
				93BAFB6221875C3B004C0D7C /* MinimoogInstrumentPreset.swift in Sources */,
				930E79A02175518A00568351 /* SimplePlayEngine.swift in Sources */,
				93BAFB7A21875C3B004C0D7C /* MinimoogInstrumentObjcWrapper.mm in Sources */,
				93BAFB5C21875C3B004C0D7C /* MinimoogInstrumentKnob.swift in Sources */,
				930F395F21679E0F00BAB7F3 /* ViewController.swift in Sources */,
				93BAFB6021875C3B004C0D7C /* MinimoogInstrumentFactoryPresetsManager.swift in Sources */,
				93BAFB7821875C3B004C0D7C /* MinimoogInstrument.mm in Sources */,
				93BAFB6421875C3B004C0D7C /* MinimoogInstrumentAudioUnit.swift in Sources */,
				930F395D21679E0F00BAB7F3 /* AppDelegate.swift in Sources */,
			);
			runOnlyForDeploymentPostprocessing = 0;
		};
		930F396E21691B2F00BAB7F3 /* Sources */ = {
			isa = PBXSourcesBuildPhase;
			buildActionMask = 2147483647;
			files = (
				93BAFB7721875C3B004C0D7C /* MinimoogInstrumentBase.mm in Sources */,
				93BAFB6321875C3B004C0D7C /* MinimoogInstrumentPreset.swift in Sources */,
				93BAFB5D21875C3B004C0D7C /* MinimoogInstrumentKnob.swift in Sources */,
				93BAFB7921875C3B004C0D7C /* MinimoogInstrument.mm in Sources */,
				93BAFB6721875C3B004C0D7C /* MinimoogInstrumentViewController.swift in Sources */,
				93BAFB6521875C3B004C0D7C /* MinimoogInstrumentAudioUnit.swift in Sources */,
				93BAFB7B21875C3B004C0D7C /* MinimoogInstrumentObjcWrapper.mm in Sources */,
				93BAFB6121875C3B004C0D7C /* MinimoogInstrumentFactoryPresetsManager.swift in Sources */,
			);
			runOnlyForDeploymentPostprocessing = 0;
		};
/* End PBXSourcesBuildPhase section */

/* Begin PBXTargetDependency section */
		930F397F21691B2F00BAB7F3 /* PBXTargetDependency */ = {
			isa = PBXTargetDependency;
			target = 930F397121691B2F00BAB7F3 /* minimoog_instrument */;
			targetProxy = 930F397E21691B2F00BAB7F3 /* PBXContainerItemProxy */;
		};
/* End PBXTargetDependency section */

/* Begin PBXVariantGroup section */
		930F396021679E0F00BAB7F3 /* Main.storyboard */ = {
			isa = PBXVariantGroup;
			children = (
				930F396121679E0F00BAB7F3 /* Base */,
			);
			name = Main.storyboard;
			sourceTree = "<group>";
		};
		930F396521679E1100BAB7F3 /* LaunchScreen.storyboard */ = {
			isa = PBXVariantGroup;
			children = (
				930F396621679E1100BAB7F3 /* Base */,
			);
			name = LaunchScreen.storyboard;
			sourceTree = "<group>";
		};
		93BAFB4621875C3A004C0D7C /* MainInterface.storyboard */ = {
			isa = PBXVariantGroup;
			children = (
				93BAFB4721875C3A004C0D7C /* Base */,
			);
			name = MainInterface.storyboard;
			sourceTree = "<group>";
		};
/* End PBXVariantGroup section */

/* Begin XCBuildConfiguration section */
		930F396921679E1100BAB7F3 /* Debug */ = {
			isa = XCBuildConfiguration;
			buildSettings = {
				ALWAYS_SEARCH_USER_PATHS = NO;
				CLANG_ANALYZER_NONNULL = YES;
				CLANG_ANALYZER_NUMBER_OBJECT_CONVERSION = YES_AGGRESSIVE;
				CLANG_CXX_LANGUAGE_STANDARD = "gnu++14";
				CLANG_CXX_LIBRARY = "libc++";
				CLANG_ENABLE_MODULES = YES;
				CLANG_ENABLE_OBJC_ARC = YES;
				CLANG_ENABLE_OBJC_WEAK = YES;
				CLANG_WARN_BLOCK_CAPTURE_AUTORELEASING = YES;
				CLANG_WARN_BOOL_CONVERSION = YES;
				CLANG_WARN_COMMA = YES;
				CLANG_WARN_CONSTANT_CONVERSION = YES;
				CLANG_WARN_DEPRECATED_OBJC_IMPLEMENTATIONS = YES;
				CLANG_WARN_DIRECT_OBJC_ISA_USAGE = YES_ERROR;
				CLANG_WARN_DOCUMENTATION_COMMENTS = YES;
				CLANG_WARN_EMPTY_BODY = YES;
				CLANG_WARN_ENUM_CONVERSION = YES;
				CLANG_WARN_INFINITE_RECURSION = YES;
				CLANG_WARN_INT_CONVERSION = YES;
				CLANG_WARN_NON_LITERAL_NULL_CONVERSION = YES;
				CLANG_WARN_OBJC_IMPLICIT_RETAIN_SELF = YES;
				CLANG_WARN_OBJC_LITERAL_CONVERSION = YES;
				CLANG_WARN_OBJC_ROOT_CLASS = YES_ERROR;
				CLANG_WARN_RANGE_LOOP_ANALYSIS = YES;
				CLANG_WARN_STRICT_PROTOTYPES = YES;
				CLANG_WARN_SUSPICIOUS_MOVE = YES;
				CLANG_WARN_UNGUARDED_AVAILABILITY = YES_AGGRESSIVE;
				CLANG_WARN_UNREACHABLE_CODE = YES;
				CLANG_WARN__DUPLICATE_METHOD_MATCH = YES;
				CODE_SIGN_IDENTITY = "iPhone Developer";
				COPY_PHASE_STRIP = NO;
				DEBUG_INFORMATION_FORMAT = dwarf;
				ENABLE_STRICT_OBJC_MSGSEND = YES;
				ENABLE_TESTABILITY = YES;
				GCC_C_LANGUAGE_STANDARD = gnu11;
				GCC_DYNAMIC_NO_PIC = NO;
				GCC_NO_COMMON_BLOCKS = YES;
				GCC_OPTIMIZATION_LEVEL = 0;
				GCC_PREPROCESSOR_DEFINITIONS = (
					"DEBUG=1",
					"$(inherited)",
				);
				GCC_WARN_64_TO_32_BIT_CONVERSION = YES;
				GCC_WARN_ABOUT_RETURN_TYPE = YES_ERROR;
				GCC_WARN_UNDECLARED_SELECTOR = YES;
				GCC_WARN_UNINITIALIZED_AUTOS = YES_AGGRESSIVE;
				GCC_WARN_UNUSED_FUNCTION = YES;
				GCC_WARN_UNUSED_VARIABLE = YES;
				IPHONEOS_DEPLOYMENT_TARGET = 11.0;
				MTL_ENABLE_DEBUG_INFO = INCLUDE_SOURCE;
				MTL_FAST_MATH = YES;
				ONLY_ACTIVE_ARCH = YES;
				SDKROOT = iphoneos;
				SWIFT_ACTIVE_COMPILATION_CONDITIONS = DEBUG;
				SWIFT_OPTIMIZATION_LEVEL = "-Onone";
			};
			name = Debug;
		};
		930F396A21679E1100BAB7F3 /* Release */ = {
			isa = XCBuildConfiguration;
			buildSettings = {
				ALWAYS_SEARCH_USER_PATHS = NO;
				CLANG_ANALYZER_NONNULL = YES;
				CLANG_ANALYZER_NUMBER_OBJECT_CONVERSION = YES_AGGRESSIVE;
				CLANG_CXX_LANGUAGE_STANDARD = "gnu++14";
				CLANG_CXX_LIBRARY = "libc++";
				CLANG_ENABLE_MODULES = YES;
				CLANG_ENABLE_OBJC_ARC = YES;
				CLANG_ENABLE_OBJC_WEAK = YES;
				CLANG_WARN_BLOCK_CAPTURE_AUTORELEASING = YES;
				CLANG_WARN_BOOL_CONVERSION = YES;
				CLANG_WARN_COMMA = YES;
				CLANG_WARN_CONSTANT_CONVERSION = YES;
				CLANG_WARN_DEPRECATED_OBJC_IMPLEMENTATIONS = YES;
				CLANG_WARN_DIRECT_OBJC_ISA_USAGE = YES_ERROR;
				CLANG_WARN_DOCUMENTATION_COMMENTS = YES;
				CLANG_WARN_EMPTY_BODY = YES;
				CLANG_WARN_ENUM_CONVERSION = YES;
				CLANG_WARN_INFINITE_RECURSION = YES;
				CLANG_WARN_INT_CONVERSION = YES;
				CLANG_WARN_NON_LITERAL_NULL_CONVERSION = YES;
				CLANG_WARN_OBJC_IMPLICIT_RETAIN_SELF = YES;
				CLANG_WARN_OBJC_LITERAL_CONVERSION = YES;
				CLANG_WARN_OBJC_ROOT_CLASS = YES_ERROR;
				CLANG_WARN_RANGE_LOOP_ANALYSIS = YES;
				CLANG_WARN_STRICT_PROTOTYPES = YES;
				CLANG_WARN_SUSPICIOUS_MOVE = YES;
				CLANG_WARN_UNGUARDED_AVAILABILITY = YES_AGGRESSIVE;
				CLANG_WARN_UNREACHABLE_CODE = YES;
				CLANG_WARN__DUPLICATE_METHOD_MATCH = YES;
				CODE_SIGN_IDENTITY = "iPhone Developer";
				COPY_PHASE_STRIP = NO;
				DEBUG_INFORMATION_FORMAT = "dwarf-with-dsym";
				ENABLE_NS_ASSERTIONS = NO;
				ENABLE_STRICT_OBJC_MSGSEND = YES;
				GCC_C_LANGUAGE_STANDARD = gnu11;
				GCC_NO_COMMON_BLOCKS = YES;
				GCC_WARN_64_TO_32_BIT_CONVERSION = YES;
				GCC_WARN_ABOUT_RETURN_TYPE = YES_ERROR;
				GCC_WARN_UNDECLARED_SELECTOR = YES;
				GCC_WARN_UNINITIALIZED_AUTOS = YES_AGGRESSIVE;
				GCC_WARN_UNUSED_FUNCTION = YES;
				GCC_WARN_UNUSED_VARIABLE = YES;
				IPHONEOS_DEPLOYMENT_TARGET = 11.0;
				MTL_ENABLE_DEBUG_INFO = NO;
				MTL_FAST_MATH = YES;
				SDKROOT = iphoneos;
				SWIFT_COMPILATION_MODE = wholemodule;
				SWIFT_OPTIMIZATION_LEVEL = "-O";
				VALIDATE_PRODUCT = YES;
			};
			name = Release;
		};
		930F396C21679E1100BAB7F3 /* Debug */ = {
			isa = XCBuildConfiguration;
			buildSettings = {
				ALWAYS_EMBED_SWIFT_STANDARD_LIBRARIES = YES;
				ASSETCATALOG_COMPILER_APPICON_NAME = AppIcon;
				CODE_SIGN_STYLE = Automatic;
				INFOPLIST_FILE = minimoog/Info.plist;
				IPHONEOS_DEPLOYMENT_TARGET = 11.0;
				LD_RUNPATH_SEARCH_PATHS = (
					"$(inherited)",
					"@executable_path/Frameworks",
				);
				PRODUCT_BUNDLE_IDENTIFIER = yauheni.lychkouski.minimoog;
				PRODUCT_NAME = "$(TARGET_NAME)";
				SWIFT_OBJC_BRIDGING_HEADER = "minimoog_instrument/minimoog_instrument_core/MinimoogInstrumentObjcWrapper-Bridging-Header.h";
				SWIFT_VERSION = 4.2;
				TARGETED_DEVICE_FAMILY = "1,2";
			};
			name = Debug;
		};
		930F396D21679E1100BAB7F3 /* Release */ = {
			isa = XCBuildConfiguration;
			buildSettings = {
				ALWAYS_EMBED_SWIFT_STANDARD_LIBRARIES = YES;
				ASSETCATALOG_COMPILER_APPICON_NAME = AppIcon;
				CODE_SIGN_STYLE = Automatic;
				INFOPLIST_FILE = minimoog/Info.plist;
				IPHONEOS_DEPLOYMENT_TARGET = 11.0;
				LD_RUNPATH_SEARCH_PATHS = (
					"$(inherited)",
					"@executable_path/Frameworks",
				);
				PRODUCT_BUNDLE_IDENTIFIER = yauheni.lychkouski.minimoog;
				PRODUCT_NAME = "$(TARGET_NAME)";
				SWIFT_OBJC_BRIDGING_HEADER = "minimoog_instrument/minimoog_instrument_core/MinimoogInstrumentObjcWrapper-Bridging-Header.h";
				SWIFT_VERSION = 4.2;
				TARGETED_DEVICE_FAMILY = "1,2";
			};
			name = Release;
		};
		930F398221691B2F00BAB7F3 /* Debug */ = {
			isa = XCBuildConfiguration;
			buildSettings = {
				CLANG_CXX_LANGUAGE_STANDARD = "gnu++14";
				CODE_SIGN_STYLE = Automatic;
				INFOPLIST_FILE = minimoog_instrument/Info.plist;
				IPHONEOS_DEPLOYMENT_TARGET = 11.0;
				LD_RUNPATH_SEARCH_PATHS = (
					"$(inherited)",
					"@executable_path/Frameworks",
					"@executable_path/../../Frameworks",
				);
				PRODUCT_BUNDLE_IDENTIFIER = "yauheni.lychkouski.minimoog.minimoog-instrument";
				PRODUCT_NAME = "$(TARGET_NAME)";
				SKIP_INSTALL = YES;
				SWIFT_OBJC_BRIDGING_HEADER = "minimoog_instrument/minimoog_instrument_core/MinimoogInstrumentObjcWrapper-Bridging-Header.h";
				SWIFT_VERSION = 4.2;
				TARGETED_DEVICE_FAMILY = "1,2";
			};
			name = Debug;
		};
		930F398321691B2F00BAB7F3 /* Release */ = {
			isa = XCBuildConfiguration;
			buildSettings = {
				CLANG_CXX_LANGUAGE_STANDARD = "gnu++14";
				CODE_SIGN_STYLE = Automatic;
				INFOPLIST_FILE = minimoog_instrument/Info.plist;
				IPHONEOS_DEPLOYMENT_TARGET = 11.0;
				LD_RUNPATH_SEARCH_PATHS = (
					"$(inherited)",
					"@executable_path/Frameworks",
					"@executable_path/../../Frameworks",
				);
				PRODUCT_BUNDLE_IDENTIFIER = "yauheni.lychkouski.minimoog.minimoog-instrument";
				PRODUCT_NAME = "$(TARGET_NAME)";
				SKIP_INSTALL = YES;
				SWIFT_OBJC_BRIDGING_HEADER = "minimoog_instrument/minimoog_instrument_core/MinimoogInstrumentObjcWrapper-Bridging-Header.h";
				SWIFT_VERSION = 4.2;
				TARGETED_DEVICE_FAMILY = "1,2";
			};
			name = Release;
		};
/* End XCBuildConfiguration section */

/* Begin XCConfigurationList section */
		930F395421679E0F00BAB7F3 /* Build configuration list for PBXProject "minimoog" */ = {
			isa = XCConfigurationList;
			buildConfigurations = (
				930F396921679E1100BAB7F3 /* Debug */,
				930F396A21679E1100BAB7F3 /* Release */,
			);
			defaultConfigurationIsVisible = 0;
			defaultConfigurationName = Release;
		};
		930F396B21679E1100BAB7F3 /* Build configuration list for PBXNativeTarget "minimoog" */ = {
			isa = XCConfigurationList;
			buildConfigurations = (
				930F396C21679E1100BAB7F3 /* Debug */,
				930F396D21679E1100BAB7F3 /* Release */,
			);
			defaultConfigurationIsVisible = 0;
			defaultConfigurationName = Release;
		};
		930F398121691B2F00BAB7F3 /* Build configuration list for PBXNativeTarget "minimoog_instrument" */ = {
			isa = XCConfigurationList;
			buildConfigurations = (
				930F398221691B2F00BAB7F3 /* Debug */,
				930F398321691B2F00BAB7F3 /* Release */,
			);
			defaultConfigurationIsVisible = 0;
			defaultConfigurationName = Release;
		};
/* End XCConfigurationList section */
	};
	rootObject = 930F395121679E0F00BAB7F3 /* Project object */;
}
